
Microsoft Visual Studio Solution File, Format Version 12.00
# Visual Studio 15
VisualStudioVersion = 15.0.26403.7
MinimumVisualStudioVersion = 10.0.40219.1
Project("{FAE04EC0-301F-11D3-BF4B-00C04F79EFBC}") = "ManagedOpenSsl", "..\openssl-net\ManagedOpenSsl\ManagedOpenSsl.csproj", "{73DCC218-655B-485F-8EAC-0CE5F2F7343D}"
EndProject
Project("{9A19103F-16F7-4668-BE54-9A1E7A4F7556}") = "NetXP.NetStandard", "NetXP.NetStandard\NetXP.NetStandard.csproj", "{9B6BCC3A-AEE8-4D41-B69D-176510B97891}"
EndProject
Project("{FAE04EC0-301F-11D3-BF4B-00C04F79EFBC}") = "NetXP.NetStandard.NetFramework", "NetXP.NetStandard.NetFramework\NetXP.NetStandard.NetFramework.csproj", "{08F5EC47-5CA1-459E-81F7-98ECEA8353A1}"
EndProject
Project("{FAE04EC0-301F-11D3-BF4B-00C04F79EFBC}") = "NetXP.NetStandard.NetFramework.UnitTests", "NetXP.NetStandard.NetFramework.UnitTests\NetXP.NetStandard.NetFramework.UnitTests.csproj", "{38A932AF-E0A4-44D6-9501-6F716BB63A63}"
EndProject
Project("{9A19103F-16F7-4668-BE54-9A1E7A4F7556}") = "NetXP.NetStandard.NetCore", "NetXP.NetStandard.NetCore\NetXP.NetStandard.NetCore.csproj", "{3108A209-892D-4358-95B3-63C5D5BC67F8}"
EndProject
Project("{9A19103F-16F7-4668-BE54-9A1E7A4F7556}") = "NetXP.NetStandard.NetCore.UnitTest", "NetXP.NetStandard.NetCore.UnitTest\NetXP.NetStandard.NetCore.UnitTest.csproj", "{BC15D15D-ADBC-4CBB-897A-A3E2863DE852}"
EndProject
Project("{2150E333-8FDC-42A3-9474-1A3956D46DE8}") = "NetStandard", "NetStandard", "{2D14C38B-EB5B-45CA-B699-6C03C6D145A4}"
EndProject
Project("{2150E333-8FDC-42A3-9474-1A3956D46DE8}") = "NetCore", "NetCore", "{42C1D6C7-5EAE-4F6C-A4C9-5E31F89686A6}"
EndProject
Project("{2150E333-8FDC-42A3-9474-1A3956D46DE8}") = "NetFramework", "NetFramework", "{D1920E2E-6FB3-4125-AE65-06E800C5DBF8}"
EndProject
Project("{9A19103F-16F7-4668-BE54-9A1E7A4F7556}") = "NetXP.NetStandard.Mappers.Implementations", "NetXP.NetStandard.Mappers.Implementations\NetXP.NetStandard.Mappers.Implementations.csproj", "{F9EBC92A-81A6-47D9-98CD-1EF7C5A5EA71}"
EndProject
Project("{9A19103F-16F7-4668-BE54-9A1E7A4F7556}") = "NetXP.NetStandard.Auditory.Implementations", "NetXP.Netstandard.Auditory.Implementations\NetXP.NetStandard.Auditory.Implementations.csproj", "{89B26DD1-40BF-4153-A3DF-F8FF5EAFDD5F}"
EndProject
Project("{9A19103F-16F7-4668-BE54-9A1E7A4F7556}") = "NetXP.NetStandard.Cryptography.Implementations", "NetXP.NetStandard.Cryptography.Implementations\NetXP.NetStandard.Cryptography.Implementations.csproj", "{E072F5D9-FF36-4F9F-97D2-EBB7B9A97E9C}"
EndProject
Project("{9A19103F-16F7-4668-BE54-9A1E7A4F7556}") = "NetXP.NetStandard.DependencyInjection.Implementations.StructureMaps", "NetXP.NetStandard.DependencyInjection.Implementations.StructureMaps\NetXP.NetStandard.DependencyInjection.Implementations.StructureMaps.csproj", "{D1234BAA-9C41-4A87-BCEE-D5143AB35643}"
EndProject
Project("{9A19103F-16F7-4668-BE54-9A1E7A4F7556}") = "NetXP.NetStandard.DependencyInjection.Implementations.UnityDI", "NetXP.NetStandard.DependencyInjection.Implementations.UnityDI\NetXP.NetStandard.DependencyInjection.Implementations.UnityDI.csproj", "{E5DF6A16-F8E0-437E-A493-653A79DA2342}"
EndProject
Project("{9A19103F-16F7-4668-BE54-9A1E7A4F7556}") = "NetXP.NetStandard.Serialization.Implementations", "NetXP.NetStandard.Serialization.Implementations\NetXP.NetStandard.Serialization.Implementations.csproj", "{681CEA0F-F2C8-4533-A4CC-EB7B37F6228B}"
EndProject
Project("{9A19103F-16F7-4668-BE54-9A1E7A4F7556}") = "NetXP.NetStandard.Network.Services.Implementations", "NetXP.NetStandard.Network.Services.Implementations\NetXP.NetStandard.Network.Services.Implementations.csproj", "{9A73B012-BBFF-47A5-A8DF-EC4E7198CD90}"
EndProject
Project("{9A19103F-16F7-4668-BE54-9A1E7A4F7556}") = "NetXP.Netstandard.MVVM", "NetXP.Netstandard.MVVM\NetXP.Netstandard.MVVM.csproj", "{CCB8C4A8-BFFC-431C-8FC6-0CB3B646A4D9}"
EndProject
Project("{2150E333-8FDC-42A3-9474-1A3956D46DE8}") = "MVVM", "MVVM", "{A1A031ED-F8E0-4202-926A-CD75AD0D2A4B}"
EndProject
Project("{2150E333-8FDC-42A3-9474-1A3956D46DE8}") = "Network", "Network", "{94913811-25C4-43A4-954A-374187E010B9}"
EndProject
Project("{2150E333-8FDC-42A3-9474-1A3956D46DE8}") = "DependencyInjection", "DependencyInjection", "{9FABCF37-F7A1-47E8-95BA-339DF85B44EC}"
EndProject
Project("{2150E333-8FDC-42A3-9474-1A3956D46DE8}") = "XamarinForms", "XamarinForms", "{4D8720B3-4DE6-47BA-B964-8A4A637033E7}"
EndProject
Project("{9A19103F-16F7-4668-BE54-9A1E7A4F7556}") = "NetXP.Netstandard.MVVM.XamarinForms", "NetXP.Netstandard.MVVM.XamarinForms\NetXP.Netstandard.MVVM.XamarinForms.csproj", "{1CD9977C-FF0C-498B-B5DB-5D8625B1FCFC}"
EndProject
Project("{9A19103F-16F7-4668-BE54-9A1E7A4F7556}") = "NetXP.NetStandard.Network", "NetXP.NetStandard.Network\NetXP.NetStandard.Network.csproj", "{C10D2FFC-3046-4C77-9256-A2DEF26F5685}"
EndProject
Global
	GlobalSection(SolutionConfigurationPlatforms) = preSolution
		Debug_1|Any CPU = Debug_1|Any CPU
		Debug_1|x64 = Debug_1|x64
		Debug_2|Any CPU = Debug_2|Any CPU
		Debug_2|x64 = Debug_2|x64
		Debug_Debice|Any CPU = Debug_Debice|Any CPU
		Debug_Debice|x64 = Debug_Debice|x64
		Debug_Device|Any CPU = Debug_Device|Any CPU
		Debug_Device|x64 = Debug_Device|x64
		Debug_Manager|Any CPU = Debug_Manager|Any CPU
		Debug_Manager|x64 = Debug_Manager|x64
		Debug|Any CPU = Debug|Any CPU
		Debug|x64 = Debug|x64
		Device_Debug|Any CPU = Device_Debug|Any CPU
		Device_Debug|x64 = Device_Debug|x64
		MGR-Debug|Any CPU = MGR-Debug|Any CPU
		MGR-Debug|x64 = MGR-Debug|x64
		Release|Any CPU = Release|Any CPU
		Release|x64 = Release|x64
		ReleaseWithDebug|Any CPU = ReleaseWithDebug|Any CPU
		ReleaseWithDebug|x64 = ReleaseWithDebug|x64
		Trace|Any CPU = Trace|Any CPU
		Trace|x64 = Trace|x64
	EndGlobalSection
	GlobalSection(ProjectConfigurationPlatforms) = postSolution
		{73DCC218-655B-485F-8EAC-0CE5F2F7343D}.Debug_1|Any CPU.ActiveCfg = Debug|Any CPU
		{73DCC218-655B-485F-8EAC-0CE5F2F7343D}.Debug_1|Any CPU.Build.0 = Debug|Any CPU
		{73DCC218-655B-485F-8EAC-0CE5F2F7343D}.Debug_1|x64.ActiveCfg = Debug|x64
		{73DCC218-655B-485F-8EAC-0CE5F2F7343D}.Debug_1|x64.Build.0 = Debug|x64
		{73DCC218-655B-485F-8EAC-0CE5F2F7343D}.Debug_2|Any CPU.ActiveCfg = Debug|Any CPU
		{73DCC218-655B-485F-8EAC-0CE5F2F7343D}.Debug_2|Any CPU.Build.0 = Debug|Any CPU
		{73DCC218-655B-485F-8EAC-0CE5F2F7343D}.Debug_2|x64.ActiveCfg = Debug|x64
		{73DCC218-655B-485F-8EAC-0CE5F2F7343D}.Debug_2|x64.Build.0 = Debug|x64
		{73DCC218-655B-485F-8EAC-0CE5F2F7343D}.Debug_Debice|Any CPU.ActiveCfg = Debug|Any CPU
		{73DCC218-655B-485F-8EAC-0CE5F2F7343D}.Debug_Debice|x64.ActiveCfg = Debug|x64
		{73DCC218-655B-485F-8EAC-0CE5F2F7343D}.Debug_Device|Any CPU.ActiveCfg = Debug|Any CPU
		{73DCC218-655B-485F-8EAC-0CE5F2F7343D}.Debug_Device|x64.ActiveCfg = Debug|x64
		{73DCC218-655B-485F-8EAC-0CE5F2F7343D}.Debug_Manager|Any CPU.ActiveCfg = Debug|Any CPU
		{73DCC218-655B-485F-8EAC-0CE5F2F7343D}.Debug_Manager|x64.ActiveCfg = Debug|x64
		{73DCC218-655B-485F-8EAC-0CE5F2F7343D}.Debug|Any CPU.ActiveCfg = Debug|Any CPU
		{73DCC218-655B-485F-8EAC-0CE5F2F7343D}.Debug|Any CPU.Build.0 = Debug|Any CPU
		{73DCC218-655B-485F-8EAC-0CE5F2F7343D}.Debug|x64.ActiveCfg = Debug|x64
		{73DCC218-655B-485F-8EAC-0CE5F2F7343D}.Debug|x64.Build.0 = Debug|x64
		{73DCC218-655B-485F-8EAC-0CE5F2F7343D}.Device_Debug|Any CPU.ActiveCfg = Debug|Any CPU
		{73DCC218-655B-485F-8EAC-0CE5F2F7343D}.Device_Debug|Any CPU.Build.0 = Debug|Any CPU
		{73DCC218-655B-485F-8EAC-0CE5F2F7343D}.Device_Debug|x64.ActiveCfg = Debug|x64
		{73DCC218-655B-485F-8EAC-0CE5F2F7343D}.Device_Debug|x64.Build.0 = Debug|x64
		{73DCC218-655B-485F-8EAC-0CE5F2F7343D}.MGR-Debug|Any CPU.ActiveCfg = Debug|Any CPU
		{73DCC218-655B-485F-8EAC-0CE5F2F7343D}.MGR-Debug|Any CPU.Build.0 = Debug|Any CPU
		{73DCC218-655B-485F-8EAC-0CE5F2F7343D}.MGR-Debug|x64.ActiveCfg = Debug|x64
		{73DCC218-655B-485F-8EAC-0CE5F2F7343D}.MGR-Debug|x64.Build.0 = Debug|x64
		{73DCC218-655B-485F-8EAC-0CE5F2F7343D}.Release|Any CPU.ActiveCfg = Release|Any CPU
		{73DCC218-655B-485F-8EAC-0CE5F2F7343D}.Release|Any CPU.Build.0 = Release|Any CPU
		{73DCC218-655B-485F-8EAC-0CE5F2F7343D}.Release|x64.ActiveCfg = Release|x64
		{73DCC218-655B-485F-8EAC-0CE5F2F7343D}.Release|x64.Build.0 = Release|x64
		{73DCC218-655B-485F-8EAC-0CE5F2F7343D}.ReleaseWithDebug|Any CPU.ActiveCfg = Release|Any CPU
		{73DCC218-655B-485F-8EAC-0CE5F2F7343D}.ReleaseWithDebug|Any CPU.Build.0 = Release|Any CPU
		{73DCC218-655B-485F-8EAC-0CE5F2F7343D}.ReleaseWithDebug|x64.ActiveCfg = Release|x64
		{73DCC218-655B-485F-8EAC-0CE5F2F7343D}.ReleaseWithDebug|x64.Build.0 = Release|x64
		{73DCC218-655B-485F-8EAC-0CE5F2F7343D}.Trace|Any CPU.ActiveCfg = Trace|Any CPU
		{73DCC218-655B-485F-8EAC-0CE5F2F7343D}.Trace|Any CPU.Build.0 = Trace|Any CPU
		{73DCC218-655B-485F-8EAC-0CE5F2F7343D}.Trace|x64.ActiveCfg = Trace|x64
		{73DCC218-655B-485F-8EAC-0CE5F2F7343D}.Trace|x64.Build.0 = Trace|x64
		{9B6BCC3A-AEE8-4D41-B69D-176510B97891}.Debug_1|Any CPU.ActiveCfg = Debug_Manager|Any CPU
		{9B6BCC3A-AEE8-4D41-B69D-176510B97891}.Debug_1|Any CPU.Build.0 = Debug_Manager|Any CPU
		{9B6BCC3A-AEE8-4D41-B69D-176510B97891}.Debug_1|x64.ActiveCfg = Debug_Manager|Any CPU
		{9B6BCC3A-AEE8-4D41-B69D-176510B97891}.Debug_1|x64.Build.0 = Debug_Manager|Any CPU
		{9B6BCC3A-AEE8-4D41-B69D-176510B97891}.Debug_2|Any CPU.ActiveCfg = Debug_Manager|Any CPU
		{9B6BCC3A-AEE8-4D41-B69D-176510B97891}.Debug_2|Any CPU.Build.0 = Debug_Manager|Any CPU
		{9B6BCC3A-AEE8-4D41-B69D-176510B97891}.Debug_2|x64.ActiveCfg = Debug_Manager|Any CPU
		{9B6BCC3A-AEE8-4D41-B69D-176510B97891}.Debug_2|x64.Build.0 = Debug_Manager|Any CPU
		{9B6BCC3A-AEE8-4D41-B69D-176510B97891}.Debug_Debice|Any CPU.ActiveCfg = Debug_Device|Any CPU
		{9B6BCC3A-AEE8-4D41-B69D-176510B97891}.Debug_Debice|Any CPU.Build.0 = Debug_Device|Any CPU
		{9B6BCC3A-AEE8-4D41-B69D-176510B97891}.Debug_Debice|x64.ActiveCfg = Debug_Device|Any CPU
		{9B6BCC3A-AEE8-4D41-B69D-176510B97891}.Debug_Debice|x64.Build.0 = Debug_Device|Any CPU
		{9B6BCC3A-AEE8-4D41-B69D-176510B97891}.Debug_Device|Any CPU.ActiveCfg = Debug_Device|Any CPU
		{9B6BCC3A-AEE8-4D41-B69D-176510B97891}.Debug_Device|Any CPU.Build.0 = Debug_Device|Any CPU
		{9B6BCC3A-AEE8-4D41-B69D-176510B97891}.Debug_Device|x64.ActiveCfg = Debug_Device|Any CPU
		{9B6BCC3A-AEE8-4D41-B69D-176510B97891}.Debug_Device|x64.Build.0 = Debug_Device|Any CPU
		{9B6BCC3A-AEE8-4D41-B69D-176510B97891}.Debug_Manager|Any CPU.ActiveCfg = Debug_Manager|Any CPU
		{9B6BCC3A-AEE8-4D41-B69D-176510B97891}.Debug_Manager|Any CPU.Build.0 = Debug_Manager|Any CPU
		{9B6BCC3A-AEE8-4D41-B69D-176510B97891}.Debug_Manager|x64.ActiveCfg = Debug_Manager|Any CPU
		{9B6BCC3A-AEE8-4D41-B69D-176510B97891}.Debug_Manager|x64.Build.0 = Debug_Manager|Any CPU
		{9B6BCC3A-AEE8-4D41-B69D-176510B97891}.Debug|Any CPU.ActiveCfg = Debug|Any CPU
		{9B6BCC3A-AEE8-4D41-B69D-176510B97891}.Debug|Any CPU.Build.0 = Debug|Any CPU
		{9B6BCC3A-AEE8-4D41-B69D-176510B97891}.Debug|x64.ActiveCfg = Debug|Any CPU
		{9B6BCC3A-AEE8-4D41-B69D-176510B97891}.Debug|x64.Build.0 = Debug|Any CPU
		{9B6BCC3A-AEE8-4D41-B69D-176510B97891}.Device_Debug|Any CPU.ActiveCfg = Debug|Any CPU
		{9B6BCC3A-AEE8-4D41-B69D-176510B97891}.Device_Debug|Any CPU.Build.0 = Debug|Any CPU
		{9B6BCC3A-AEE8-4D41-B69D-176510B97891}.Device_Debug|x64.ActiveCfg = Debug|Any CPU
		{9B6BCC3A-AEE8-4D41-B69D-176510B97891}.Device_Debug|x64.Build.0 = Debug|Any CPU
		{9B6BCC3A-AEE8-4D41-B69D-176510B97891}.MGR-Debug|Any CPU.ActiveCfg = Debug|Any CPU
		{9B6BCC3A-AEE8-4D41-B69D-176510B97891}.MGR-Debug|Any CPU.Build.0 = Debug|Any CPU
		{9B6BCC3A-AEE8-4D41-B69D-176510B97891}.MGR-Debug|x64.ActiveCfg = Debug|Any CPU
		{9B6BCC3A-AEE8-4D41-B69D-176510B97891}.MGR-Debug|x64.Build.0 = Debug|Any CPU
		{9B6BCC3A-AEE8-4D41-B69D-176510B97891}.Release|Any CPU.ActiveCfg = Release|Any CPU
		{9B6BCC3A-AEE8-4D41-B69D-176510B97891}.Release|Any CPU.Build.0 = Release|Any CPU
		{9B6BCC3A-AEE8-4D41-B69D-176510B97891}.Release|x64.ActiveCfg = Release|Any CPU
		{9B6BCC3A-AEE8-4D41-B69D-176510B97891}.Release|x64.Build.0 = Release|Any CPU
		{9B6BCC3A-AEE8-4D41-B69D-176510B97891}.ReleaseWithDebug|Any CPU.ActiveCfg = Release|Any CPU
		{9B6BCC3A-AEE8-4D41-B69D-176510B97891}.ReleaseWithDebug|Any CPU.Build.0 = Release|Any CPU
		{9B6BCC3A-AEE8-4D41-B69D-176510B97891}.ReleaseWithDebug|x64.ActiveCfg = Release|Any CPU
		{9B6BCC3A-AEE8-4D41-B69D-176510B97891}.ReleaseWithDebug|x64.Build.0 = Release|Any CPU
		{9B6BCC3A-AEE8-4D41-B69D-176510B97891}.Trace|Any CPU.ActiveCfg = Debug|Any CPU
		{9B6BCC3A-AEE8-4D41-B69D-176510B97891}.Trace|Any CPU.Build.0 = Debug|Any CPU
		{9B6BCC3A-AEE8-4D41-B69D-176510B97891}.Trace|x64.ActiveCfg = Debug|Any CPU
		{9B6BCC3A-AEE8-4D41-B69D-176510B97891}.Trace|x64.Build.0 = Debug|Any CPU
		{08F5EC47-5CA1-459E-81F7-98ECEA8353A1}.Debug_1|Any CPU.ActiveCfg = Debug_2|Any CPU
		{08F5EC47-5CA1-459E-81F7-98ECEA8353A1}.Debug_1|Any CPU.Build.0 = Debug_2|Any CPU
		{08F5EC47-5CA1-459E-81F7-98ECEA8353A1}.Debug_1|x64.ActiveCfg = Debug_2|Any CPU
		{08F5EC47-5CA1-459E-81F7-98ECEA8353A1}.Debug_1|x64.Build.0 = Debug_2|Any CPU
		{08F5EC47-5CA1-459E-81F7-98ECEA8353A1}.Debug_2|Any CPU.ActiveCfg = Debug_2|Any CPU
		{08F5EC47-5CA1-459E-81F7-98ECEA8353A1}.Debug_2|Any CPU.Build.0 = Debug_2|Any CPU
		{08F5EC47-5CA1-459E-81F7-98ECEA8353A1}.Debug_2|x64.ActiveCfg = Debug_2|Any CPU
		{08F5EC47-5CA1-459E-81F7-98ECEA8353A1}.Debug_2|x64.Build.0 = Debug_2|Any CPU
		{08F5EC47-5CA1-459E-81F7-98ECEA8353A1}.Debug_Debice|Any CPU.ActiveCfg = Debug_Device|Any CPU
		{08F5EC47-5CA1-459E-81F7-98ECEA8353A1}.Debug_Debice|Any CPU.Build.0 = Debug_Device|Any CPU
		{08F5EC47-5CA1-459E-81F7-98ECEA8353A1}.Debug_Debice|x64.ActiveCfg = Debug_Device|Any CPU
		{08F5EC47-5CA1-459E-81F7-98ECEA8353A1}.Debug_Debice|x64.Build.0 = Debug_Device|Any CPU
		{08F5EC47-5CA1-459E-81F7-98ECEA8353A1}.Debug_Device|Any CPU.ActiveCfg = Debug_Device|Any CPU
		{08F5EC47-5CA1-459E-81F7-98ECEA8353A1}.Debug_Device|Any CPU.Build.0 = Debug_Device|Any CPU
		{08F5EC47-5CA1-459E-81F7-98ECEA8353A1}.Debug_Device|x64.ActiveCfg = Debug_Device|Any CPU
		{08F5EC47-5CA1-459E-81F7-98ECEA8353A1}.Debug_Device|x64.Build.0 = Debug_Device|Any CPU
		{08F5EC47-5CA1-459E-81F7-98ECEA8353A1}.Debug_Manager|Any CPU.ActiveCfg = Debug_Device|Any CPU
		{08F5EC47-5CA1-459E-81F7-98ECEA8353A1}.Debug_Manager|Any CPU.Build.0 = Debug_Device|Any CPU
		{08F5EC47-5CA1-459E-81F7-98ECEA8353A1}.Debug_Manager|x64.ActiveCfg = Debug_Device|Any CPU
		{08F5EC47-5CA1-459E-81F7-98ECEA8353A1}.Debug_Manager|x64.Build.0 = Debug_Device|Any CPU
		{08F5EC47-5CA1-459E-81F7-98ECEA8353A1}.Debug|Any CPU.ActiveCfg = Debug|Any CPU
		{08F5EC47-5CA1-459E-81F7-98ECEA8353A1}.Debug|Any CPU.Build.0 = Debug|Any CPU
		{08F5EC47-5CA1-459E-81F7-98ECEA8353A1}.Debug|x64.ActiveCfg = Debug|Any CPU
		{08F5EC47-5CA1-459E-81F7-98ECEA8353A1}.Debug|x64.Build.0 = Debug|Any CPU
		{08F5EC47-5CA1-459E-81F7-98ECEA8353A1}.Device_Debug|Any CPU.ActiveCfg = Debug|Any CPU
		{08F5EC47-5CA1-459E-81F7-98ECEA8353A1}.Device_Debug|Any CPU.Build.0 = Debug|Any CPU
		{08F5EC47-5CA1-459E-81F7-98ECEA8353A1}.Device_Debug|x64.ActiveCfg = Debug|Any CPU
		{08F5EC47-5CA1-459E-81F7-98ECEA8353A1}.Device_Debug|x64.Build.0 = Debug|Any CPU
		{08F5EC47-5CA1-459E-81F7-98ECEA8353A1}.MGR-Debug|Any CPU.ActiveCfg = Debug|Any CPU
		{08F5EC47-5CA1-459E-81F7-98ECEA8353A1}.MGR-Debug|Any CPU.Build.0 = Debug|Any CPU
		{08F5EC47-5CA1-459E-81F7-98ECEA8353A1}.MGR-Debug|x64.ActiveCfg = Debug|Any CPU
		{08F5EC47-5CA1-459E-81F7-98ECEA8353A1}.MGR-Debug|x64.Build.0 = Debug|Any CPU
		{08F5EC47-5CA1-459E-81F7-98ECEA8353A1}.Release|Any CPU.ActiveCfg = Release|Any CPU
		{08F5EC47-5CA1-459E-81F7-98ECEA8353A1}.Release|Any CPU.Build.0 = Release|Any CPU
		{08F5EC47-5CA1-459E-81F7-98ECEA8353A1}.Release|x64.ActiveCfg = Release|Any CPU
		{08F5EC47-5CA1-459E-81F7-98ECEA8353A1}.Release|x64.Build.0 = Release|Any CPU
		{08F5EC47-5CA1-459E-81F7-98ECEA8353A1}.ReleaseWithDebug|Any CPU.ActiveCfg = Release|Any CPU
		{08F5EC47-5CA1-459E-81F7-98ECEA8353A1}.ReleaseWithDebug|Any CPU.Build.0 = Release|Any CPU
		{08F5EC47-5CA1-459E-81F7-98ECEA8353A1}.ReleaseWithDebug|x64.ActiveCfg = Release|Any CPU
		{08F5EC47-5CA1-459E-81F7-98ECEA8353A1}.ReleaseWithDebug|x64.Build.0 = Release|Any CPU
		{08F5EC47-5CA1-459E-81F7-98ECEA8353A1}.Trace|Any CPU.ActiveCfg = Release|Any CPU
		{08F5EC47-5CA1-459E-81F7-98ECEA8353A1}.Trace|Any CPU.Build.0 = Release|Any CPU
		{08F5EC47-5CA1-459E-81F7-98ECEA8353A1}.Trace|x64.ActiveCfg = Release|Any CPU
		{08F5EC47-5CA1-459E-81F7-98ECEA8353A1}.Trace|x64.Build.0 = Release|Any CPU
		{38A932AF-E0A4-44D6-9501-6F716BB63A63}.Debug_1|Any CPU.ActiveCfg = Debug|Any CPU
		{38A932AF-E0A4-44D6-9501-6F716BB63A63}.Debug_1|Any CPU.Build.0 = Debug|Any CPU
		{38A932AF-E0A4-44D6-9501-6F716BB63A63}.Debug_1|x64.ActiveCfg = Debug|Any CPU
		{38A932AF-E0A4-44D6-9501-6F716BB63A63}.Debug_1|x64.Build.0 = Debug|Any CPU
		{38A932AF-E0A4-44D6-9501-6F716BB63A63}.Debug_2|Any CPU.ActiveCfg = Debug|Any CPU
		{38A932AF-E0A4-44D6-9501-6F716BB63A63}.Debug_2|Any CPU.Build.0 = Debug|Any CPU
		{38A932AF-E0A4-44D6-9501-6F716BB63A63}.Debug_2|x64.ActiveCfg = Debug|Any CPU
		{38A932AF-E0A4-44D6-9501-6F716BB63A63}.Debug_2|x64.Build.0 = Debug|Any CPU
		{38A932AF-E0A4-44D6-9501-6F716BB63A63}.Debug_Debice|Any CPU.ActiveCfg = Debug|Any CPU
		{38A932AF-E0A4-44D6-9501-6F716BB63A63}.Debug_Debice|Any CPU.Build.0 = Debug|Any CPU
		{38A932AF-E0A4-44D6-9501-6F716BB63A63}.Debug_Debice|x64.ActiveCfg = Debug|Any CPU
		{38A932AF-E0A4-44D6-9501-6F716BB63A63}.Debug_Debice|x64.Build.0 = Debug|Any CPU
		{38A932AF-E0A4-44D6-9501-6F716BB63A63}.Debug_Device|Any CPU.ActiveCfg = Debug|Any CPU
		{38A932AF-E0A4-44D6-9501-6F716BB63A63}.Debug_Device|Any CPU.Build.0 = Debug|Any CPU
		{38A932AF-E0A4-44D6-9501-6F716BB63A63}.Debug_Device|x64.ActiveCfg = Debug|Any CPU
		{38A932AF-E0A4-44D6-9501-6F716BB63A63}.Debug_Device|x64.Build.0 = Debug|Any CPU
		{38A932AF-E0A4-44D6-9501-6F716BB63A63}.Debug_Manager|Any CPU.ActiveCfg = Debug|Any CPU
		{38A932AF-E0A4-44D6-9501-6F716BB63A63}.Debug_Manager|Any CPU.Build.0 = Debug|Any CPU
		{38A932AF-E0A4-44D6-9501-6F716BB63A63}.Debug_Manager|x64.ActiveCfg = Debug|Any CPU
		{38A932AF-E0A4-44D6-9501-6F716BB63A63}.Debug_Manager|x64.Build.0 = Debug|Any CPU
		{38A932AF-E0A4-44D6-9501-6F716BB63A63}.Debug|Any CPU.ActiveCfg = Debug|Any CPU
		{38A932AF-E0A4-44D6-9501-6F716BB63A63}.Debug|Any CPU.Build.0 = Debug|Any CPU
		{38A932AF-E0A4-44D6-9501-6F716BB63A63}.Debug|x64.ActiveCfg = Debug|Any CPU
		{38A932AF-E0A4-44D6-9501-6F716BB63A63}.Debug|x64.Build.0 = Debug|Any CPU
		{38A932AF-E0A4-44D6-9501-6F716BB63A63}.Device_Debug|Any CPU.ActiveCfg = Debug|Any CPU
		{38A932AF-E0A4-44D6-9501-6F716BB63A63}.Device_Debug|Any CPU.Build.0 = Debug|Any CPU
		{38A932AF-E0A4-44D6-9501-6F716BB63A63}.Device_Debug|x64.ActiveCfg = Debug|Any CPU
		{38A932AF-E0A4-44D6-9501-6F716BB63A63}.Device_Debug|x64.Build.0 = Debug|Any CPU
		{38A932AF-E0A4-44D6-9501-6F716BB63A63}.MGR-Debug|Any CPU.ActiveCfg = Debug|Any CPU
		{38A932AF-E0A4-44D6-9501-6F716BB63A63}.MGR-Debug|Any CPU.Build.0 = Debug|Any CPU
		{38A932AF-E0A4-44D6-9501-6F716BB63A63}.MGR-Debug|x64.ActiveCfg = Debug|Any CPU
		{38A932AF-E0A4-44D6-9501-6F716BB63A63}.MGR-Debug|x64.Build.0 = Debug|Any CPU
		{38A932AF-E0A4-44D6-9501-6F716BB63A63}.Release|Any CPU.ActiveCfg = Release|Any CPU
		{38A932AF-E0A4-44D6-9501-6F716BB63A63}.Release|Any CPU.Build.0 = Release|Any CPU
		{38A932AF-E0A4-44D6-9501-6F716BB63A63}.Release|x64.ActiveCfg = Release|Any CPU
		{38A932AF-E0A4-44D6-9501-6F716BB63A63}.Release|x64.Build.0 = Release|Any CPU
		{38A932AF-E0A4-44D6-9501-6F716BB63A63}.ReleaseWithDebug|Any CPU.ActiveCfg = Release|Any CPU
		{38A932AF-E0A4-44D6-9501-6F716BB63A63}.ReleaseWithDebug|Any CPU.Build.0 = Release|Any CPU
		{38A932AF-E0A4-44D6-9501-6F716BB63A63}.ReleaseWithDebug|x64.ActiveCfg = Release|Any CPU
		{38A932AF-E0A4-44D6-9501-6F716BB63A63}.ReleaseWithDebug|x64.Build.0 = Release|Any CPU
		{38A932AF-E0A4-44D6-9501-6F716BB63A63}.Trace|Any CPU.ActiveCfg = Release|Any CPU
		{38A932AF-E0A4-44D6-9501-6F716BB63A63}.Trace|Any CPU.Build.0 = Release|Any CPU
		{38A932AF-E0A4-44D6-9501-6F716BB63A63}.Trace|x64.ActiveCfg = Release|Any CPU
		{38A932AF-E0A4-44D6-9501-6F716BB63A63}.Trace|x64.Build.0 = Release|Any CPU
		{3108A209-892D-4358-95B3-63C5D5BC67F8}.Debug_1|Any CPU.ActiveCfg = Debug_1|Any CPU
		{3108A209-892D-4358-95B3-63C5D5BC67F8}.Debug_1|Any CPU.Build.0 = Debug_1|Any CPU
		{3108A209-892D-4358-95B3-63C5D5BC67F8}.Debug_1|x64.ActiveCfg = Debug_1|Any CPU
		{3108A209-892D-4358-95B3-63C5D5BC67F8}.Debug_1|x64.Build.0 = Debug_1|Any CPU
		{3108A209-892D-4358-95B3-63C5D5BC67F8}.Debug_2|Any CPU.ActiveCfg = Debug_2|Any CPU
		{3108A209-892D-4358-95B3-63C5D5BC67F8}.Debug_2|Any CPU.Build.0 = Debug_2|Any CPU
		{3108A209-892D-4358-95B3-63C5D5BC67F8}.Debug_2|x64.ActiveCfg = Debug_2|Any CPU
		{3108A209-892D-4358-95B3-63C5D5BC67F8}.Debug_2|x64.Build.0 = Debug_2|Any CPU
		{3108A209-892D-4358-95B3-63C5D5BC67F8}.Debug_Debice|Any CPU.ActiveCfg = Debug_Manager|Any CPU
		{3108A209-892D-4358-95B3-63C5D5BC67F8}.Debug_Debice|Any CPU.Build.0 = Debug_Manager|Any CPU
		{3108A209-892D-4358-95B3-63C5D5BC67F8}.Debug_Debice|x64.ActiveCfg = Debug_Manager|Any CPU
		{3108A209-892D-4358-95B3-63C5D5BC67F8}.Debug_Debice|x64.Build.0 = Debug_Manager|Any CPU
		{3108A209-892D-4358-95B3-63C5D5BC67F8}.Debug_Device|Any CPU.ActiveCfg = Debug_Manager|Any CPU
		{3108A209-892D-4358-95B3-63C5D5BC67F8}.Debug_Device|Any CPU.Build.0 = Debug_Manager|Any CPU
		{3108A209-892D-4358-95B3-63C5D5BC67F8}.Debug_Device|x64.ActiveCfg = Debug_Manager|Any CPU
		{3108A209-892D-4358-95B3-63C5D5BC67F8}.Debug_Device|x64.Build.0 = Debug_Manager|Any CPU
		{3108A209-892D-4358-95B3-63C5D5BC67F8}.Debug_Manager|Any CPU.ActiveCfg = Debug_Manager|Any CPU
		{3108A209-892D-4358-95B3-63C5D5BC67F8}.Debug_Manager|Any CPU.Build.0 = Debug_Manager|Any CPU
		{3108A209-892D-4358-95B3-63C5D5BC67F8}.Debug_Manager|x64.ActiveCfg = Debug_Manager|Any CPU
		{3108A209-892D-4358-95B3-63C5D5BC67F8}.Debug_Manager|x64.Build.0 = Debug_Manager|Any CPU
		{3108A209-892D-4358-95B3-63C5D5BC67F8}.Debug|Any CPU.ActiveCfg = Debug|Any CPU
		{3108A209-892D-4358-95B3-63C5D5BC67F8}.Debug|Any CPU.Build.0 = Debug|Any CPU
		{3108A209-892D-4358-95B3-63C5D5BC67F8}.Debug|x64.ActiveCfg = Debug|Any CPU
		{3108A209-892D-4358-95B3-63C5D5BC67F8}.Debug|x64.Build.0 = Debug|Any CPU
		{3108A209-892D-4358-95B3-63C5D5BC67F8}.Device_Debug|Any CPU.ActiveCfg = Debug|Any CPU
		{3108A209-892D-4358-95B3-63C5D5BC67F8}.Device_Debug|Any CPU.Build.0 = Debug|Any CPU
		{3108A209-892D-4358-95B3-63C5D5BC67F8}.Device_Debug|x64.ActiveCfg = Debug|Any CPU
		{3108A209-892D-4358-95B3-63C5D5BC67F8}.Device_Debug|x64.Build.0 = Debug|Any CPU
		{3108A209-892D-4358-95B3-63C5D5BC67F8}.MGR-Debug|Any CPU.ActiveCfg = Debug|Any CPU
		{3108A209-892D-4358-95B3-63C5D5BC67F8}.MGR-Debug|Any CPU.Build.0 = Debug|Any CPU
		{3108A209-892D-4358-95B3-63C5D5BC67F8}.MGR-Debug|x64.ActiveCfg = Debug|Any CPU
		{3108A209-892D-4358-95B3-63C5D5BC67F8}.MGR-Debug|x64.Build.0 = Debug|Any CPU
		{3108A209-892D-4358-95B3-63C5D5BC67F8}.Release|Any CPU.ActiveCfg = Release|Any CPU
		{3108A209-892D-4358-95B3-63C5D5BC67F8}.Release|Any CPU.Build.0 = Release|Any CPU
		{3108A209-892D-4358-95B3-63C5D5BC67F8}.Release|x64.ActiveCfg = Release|Any CPU
		{3108A209-892D-4358-95B3-63C5D5BC67F8}.Release|x64.Build.0 = Release|Any CPU
		{3108A209-892D-4358-95B3-63C5D5BC67F8}.ReleaseWithDebug|Any CPU.ActiveCfg = Release|Any CPU
		{3108A209-892D-4358-95B3-63C5D5BC67F8}.ReleaseWithDebug|Any CPU.Build.0 = Release|Any CPU
		{3108A209-892D-4358-95B3-63C5D5BC67F8}.ReleaseWithDebug|x64.ActiveCfg = Release|Any CPU
		{3108A209-892D-4358-95B3-63C5D5BC67F8}.ReleaseWithDebug|x64.Build.0 = Release|Any CPU
		{3108A209-892D-4358-95B3-63C5D5BC67F8}.Trace|Any CPU.ActiveCfg = Debug|Any CPU
		{3108A209-892D-4358-95B3-63C5D5BC67F8}.Trace|Any CPU.Build.0 = Debug|Any CPU
		{3108A209-892D-4358-95B3-63C5D5BC67F8}.Trace|x64.ActiveCfg = Debug|Any CPU
		{3108A209-892D-4358-95B3-63C5D5BC67F8}.Trace|x64.Build.0 = Debug|Any CPU
		{BC15D15D-ADBC-4CBB-897A-A3E2863DE852}.Debug_1|Any CPU.ActiveCfg = Debug|Any CPU
		{BC15D15D-ADBC-4CBB-897A-A3E2863DE852}.Debug_1|Any CPU.Build.0 = Debug|Any CPU
		{BC15D15D-ADBC-4CBB-897A-A3E2863DE852}.Debug_1|x64.ActiveCfg = Debug|Any CPU
		{BC15D15D-ADBC-4CBB-897A-A3E2863DE852}.Debug_1|x64.Build.0 = Debug|Any CPU
		{BC15D15D-ADBC-4CBB-897A-A3E2863DE852}.Debug_2|Any CPU.ActiveCfg = Debug|Any CPU
		{BC15D15D-ADBC-4CBB-897A-A3E2863DE852}.Debug_2|Any CPU.Build.0 = Debug|Any CPU
		{BC15D15D-ADBC-4CBB-897A-A3E2863DE852}.Debug_2|x64.ActiveCfg = Debug|Any CPU
		{BC15D15D-ADBC-4CBB-897A-A3E2863DE852}.Debug_2|x64.Build.0 = Debug|Any CPU
		{BC15D15D-ADBC-4CBB-897A-A3E2863DE852}.Debug_Debice|Any CPU.ActiveCfg = Debug|Any CPU
		{BC15D15D-ADBC-4CBB-897A-A3E2863DE852}.Debug_Debice|Any CPU.Build.0 = Debug|Any CPU
		{BC15D15D-ADBC-4CBB-897A-A3E2863DE852}.Debug_Debice|x64.ActiveCfg = Debug|Any CPU
		{BC15D15D-ADBC-4CBB-897A-A3E2863DE852}.Debug_Debice|x64.Build.0 = Debug|Any CPU
		{BC15D15D-ADBC-4CBB-897A-A3E2863DE852}.Debug_Device|Any CPU.ActiveCfg = Debug|Any CPU
		{BC15D15D-ADBC-4CBB-897A-A3E2863DE852}.Debug_Device|Any CPU.Build.0 = Debug|Any CPU
		{BC15D15D-ADBC-4CBB-897A-A3E2863DE852}.Debug_Device|x64.ActiveCfg = Debug|Any CPU
		{BC15D15D-ADBC-4CBB-897A-A3E2863DE852}.Debug_Device|x64.Build.0 = Debug|Any CPU
		{BC15D15D-ADBC-4CBB-897A-A3E2863DE852}.Debug_Manager|Any CPU.ActiveCfg = Debug|Any CPU
		{BC15D15D-ADBC-4CBB-897A-A3E2863DE852}.Debug_Manager|Any CPU.Build.0 = Debug|Any CPU
		{BC15D15D-ADBC-4CBB-897A-A3E2863DE852}.Debug_Manager|x64.ActiveCfg = Debug|Any CPU
		{BC15D15D-ADBC-4CBB-897A-A3E2863DE852}.Debug_Manager|x64.Build.0 = Debug|Any CPU
		{BC15D15D-ADBC-4CBB-897A-A3E2863DE852}.Debug|Any CPU.ActiveCfg = Debug|Any CPU
		{BC15D15D-ADBC-4CBB-897A-A3E2863DE852}.Debug|Any CPU.Build.0 = Debug|Any CPU
		{BC15D15D-ADBC-4CBB-897A-A3E2863DE852}.Debug|x64.ActiveCfg = Debug|Any CPU
		{BC15D15D-ADBC-4CBB-897A-A3E2863DE852}.Debug|x64.Build.0 = Debug|Any CPU
		{BC15D15D-ADBC-4CBB-897A-A3E2863DE852}.Device_Debug|Any CPU.ActiveCfg = Debug|Any CPU
		{BC15D15D-ADBC-4CBB-897A-A3E2863DE852}.Device_Debug|Any CPU.Build.0 = Debug|Any CPU
		{BC15D15D-ADBC-4CBB-897A-A3E2863DE852}.Device_Debug|x64.ActiveCfg = Debug|Any CPU
		{BC15D15D-ADBC-4CBB-897A-A3E2863DE852}.Device_Debug|x64.Build.0 = Debug|Any CPU
		{BC15D15D-ADBC-4CBB-897A-A3E2863DE852}.MGR-Debug|Any CPU.ActiveCfg = Debug|Any CPU
		{BC15D15D-ADBC-4CBB-897A-A3E2863DE852}.MGR-Debug|Any CPU.Build.0 = Debug|Any CPU
		{BC15D15D-ADBC-4CBB-897A-A3E2863DE852}.MGR-Debug|x64.ActiveCfg = Debug|Any CPU
		{BC15D15D-ADBC-4CBB-897A-A3E2863DE852}.MGR-Debug|x64.Build.0 = Debug|Any CPU
		{BC15D15D-ADBC-4CBB-897A-A3E2863DE852}.Release|Any CPU.ActiveCfg = Release|Any CPU
		{BC15D15D-ADBC-4CBB-897A-A3E2863DE852}.Release|Any CPU.Build.0 = Release|Any CPU
		{BC15D15D-ADBC-4CBB-897A-A3E2863DE852}.Release|x64.ActiveCfg = Release|Any CPU
		{BC15D15D-ADBC-4CBB-897A-A3E2863DE852}.Release|x64.Build.0 = Release|Any CPU
		{BC15D15D-ADBC-4CBB-897A-A3E2863DE852}.ReleaseWithDebug|Any CPU.ActiveCfg = Release|Any CPU
		{BC15D15D-ADBC-4CBB-897A-A3E2863DE852}.ReleaseWithDebug|Any CPU.Build.0 = Release|Any CPU
		{BC15D15D-ADBC-4CBB-897A-A3E2863DE852}.ReleaseWithDebug|x64.ActiveCfg = Release|Any CPU
		{BC15D15D-ADBC-4CBB-897A-A3E2863DE852}.ReleaseWithDebug|x64.Build.0 = Release|Any CPU
		{BC15D15D-ADBC-4CBB-897A-A3E2863DE852}.Trace|Any CPU.ActiveCfg = Debug|Any CPU
		{BC15D15D-ADBC-4CBB-897A-A3E2863DE852}.Trace|Any CPU.Build.0 = Debug|Any CPU
		{BC15D15D-ADBC-4CBB-897A-A3E2863DE852}.Trace|x64.ActiveCfg = Debug|Any CPU
		{BC15D15D-ADBC-4CBB-897A-A3E2863DE852}.Trace|x64.Build.0 = Debug|Any CPU
		{F9EBC92A-81A6-47D9-98CD-1EF7C5A5EA71}.Debug_1|Any CPU.ActiveCfg = Debug_1|Any CPU
		{F9EBC92A-81A6-47D9-98CD-1EF7C5A5EA71}.Debug_1|Any CPU.Build.0 = Debug_1|Any CPU
		{F9EBC92A-81A6-47D9-98CD-1EF7C5A5EA71}.Debug_1|x64.ActiveCfg = Debug_1|Any CPU
		{F9EBC92A-81A6-47D9-98CD-1EF7C5A5EA71}.Debug_1|x64.Build.0 = Debug_1|Any CPU
		{F9EBC92A-81A6-47D9-98CD-1EF7C5A5EA71}.Debug_2|Any CPU.ActiveCfg = Debug_2|Any CPU
		{F9EBC92A-81A6-47D9-98CD-1EF7C5A5EA71}.Debug_2|Any CPU.Build.0 = Debug_2|Any CPU
		{F9EBC92A-81A6-47D9-98CD-1EF7C5A5EA71}.Debug_2|x64.ActiveCfg = Debug_2|Any CPU
		{F9EBC92A-81A6-47D9-98CD-1EF7C5A5EA71}.Debug_2|x64.Build.0 = Debug_2|Any CPU
		{F9EBC92A-81A6-47D9-98CD-1EF7C5A5EA71}.Debug_Debice|Any CPU.ActiveCfg = Debug|Any CPU
		{F9EBC92A-81A6-47D9-98CD-1EF7C5A5EA71}.Debug_Debice|Any CPU.Build.0 = Debug|Any CPU
		{F9EBC92A-81A6-47D9-98CD-1EF7C5A5EA71}.Debug_Debice|x64.ActiveCfg = Debug|Any CPU
		{F9EBC92A-81A6-47D9-98CD-1EF7C5A5EA71}.Debug_Debice|x64.Build.0 = Debug|Any CPU
		{F9EBC92A-81A6-47D9-98CD-1EF7C5A5EA71}.Debug_Device|Any CPU.ActiveCfg = Debug|Any CPU
		{F9EBC92A-81A6-47D9-98CD-1EF7C5A5EA71}.Debug_Device|Any CPU.Build.0 = Debug|Any CPU
		{F9EBC92A-81A6-47D9-98CD-1EF7C5A5EA71}.Debug_Device|x64.ActiveCfg = Debug|Any CPU
		{F9EBC92A-81A6-47D9-98CD-1EF7C5A5EA71}.Debug_Device|x64.Build.0 = Debug|Any CPU
		{F9EBC92A-81A6-47D9-98CD-1EF7C5A5EA71}.Debug_Manager|Any CPU.ActiveCfg = Debug|Any CPU
		{F9EBC92A-81A6-47D9-98CD-1EF7C5A5EA71}.Debug_Manager|Any CPU.Build.0 = Debug|Any CPU
		{F9EBC92A-81A6-47D9-98CD-1EF7C5A5EA71}.Debug_Manager|x64.ActiveCfg = Debug|Any CPU
		{F9EBC92A-81A6-47D9-98CD-1EF7C5A5EA71}.Debug_Manager|x64.Build.0 = Debug|Any CPU
		{F9EBC92A-81A6-47D9-98CD-1EF7C5A5EA71}.Debug|Any CPU.ActiveCfg = Debug|Any CPU
		{F9EBC92A-81A6-47D9-98CD-1EF7C5A5EA71}.Debug|Any CPU.Build.0 = Debug|Any CPU
		{F9EBC92A-81A6-47D9-98CD-1EF7C5A5EA71}.Debug|x64.ActiveCfg = Debug|Any CPU
		{F9EBC92A-81A6-47D9-98CD-1EF7C5A5EA71}.Debug|x64.Build.0 = Debug|Any CPU
		{F9EBC92A-81A6-47D9-98CD-1EF7C5A5EA71}.Device_Debug|Any CPU.ActiveCfg = Debug|Any CPU
		{F9EBC92A-81A6-47D9-98CD-1EF7C5A5EA71}.Device_Debug|Any CPU.Build.0 = Debug|Any CPU
		{F9EBC92A-81A6-47D9-98CD-1EF7C5A5EA71}.Device_Debug|x64.ActiveCfg = Debug|Any CPU
		{F9EBC92A-81A6-47D9-98CD-1EF7C5A5EA71}.Device_Debug|x64.Build.0 = Debug|Any CPU
		{F9EBC92A-81A6-47D9-98CD-1EF7C5A5EA71}.MGR-Debug|Any CPU.ActiveCfg = Debug|Any CPU
		{F9EBC92A-81A6-47D9-98CD-1EF7C5A5EA71}.MGR-Debug|Any CPU.Build.0 = Debug|Any CPU
		{F9EBC92A-81A6-47D9-98CD-1EF7C5A5EA71}.MGR-Debug|x64.ActiveCfg = Debug|Any CPU
		{F9EBC92A-81A6-47D9-98CD-1EF7C5A5EA71}.MGR-Debug|x64.Build.0 = Debug|Any CPU
		{F9EBC92A-81A6-47D9-98CD-1EF7C5A5EA71}.Release|Any CPU.ActiveCfg = Release|Any CPU
		{F9EBC92A-81A6-47D9-98CD-1EF7C5A5EA71}.Release|Any CPU.Build.0 = Release|Any CPU
		{F9EBC92A-81A6-47D9-98CD-1EF7C5A5EA71}.Release|x64.ActiveCfg = Release|Any CPU
		{F9EBC92A-81A6-47D9-98CD-1EF7C5A5EA71}.Release|x64.Build.0 = Release|Any CPU
		{F9EBC92A-81A6-47D9-98CD-1EF7C5A5EA71}.ReleaseWithDebug|Any CPU.ActiveCfg = Release|Any CPU
		{F9EBC92A-81A6-47D9-98CD-1EF7C5A5EA71}.ReleaseWithDebug|Any CPU.Build.0 = Release|Any CPU
		{F9EBC92A-81A6-47D9-98CD-1EF7C5A5EA71}.ReleaseWithDebug|x64.ActiveCfg = Release|Any CPU
		{F9EBC92A-81A6-47D9-98CD-1EF7C5A5EA71}.ReleaseWithDebug|x64.Build.0 = Release|Any CPU
		{F9EBC92A-81A6-47D9-98CD-1EF7C5A5EA71}.Trace|Any CPU.ActiveCfg = Debug|Any CPU
		{F9EBC92A-81A6-47D9-98CD-1EF7C5A5EA71}.Trace|Any CPU.Build.0 = Debug|Any CPU
		{F9EBC92A-81A6-47D9-98CD-1EF7C5A5EA71}.Trace|x64.ActiveCfg = Debug|Any CPU
		{F9EBC92A-81A6-47D9-98CD-1EF7C5A5EA71}.Trace|x64.Build.0 = Debug|Any CPU
		{89B26DD1-40BF-4153-A3DF-F8FF5EAFDD5F}.Debug_1|Any CPU.ActiveCfg = Debug_2|Any CPU
		{89B26DD1-40BF-4153-A3DF-F8FF5EAFDD5F}.Debug_1|Any CPU.Build.0 = Debug_2|Any CPU
		{89B26DD1-40BF-4153-A3DF-F8FF5EAFDD5F}.Debug_1|x64.ActiveCfg = Debug_2|Any CPU
		{89B26DD1-40BF-4153-A3DF-F8FF5EAFDD5F}.Debug_1|x64.Build.0 = Debug_2|Any CPU
		{89B26DD1-40BF-4153-A3DF-F8FF5EAFDD5F}.Debug_2|Any CPU.ActiveCfg = Debug_2|Any CPU
		{89B26DD1-40BF-4153-A3DF-F8FF5EAFDD5F}.Debug_2|Any CPU.Build.0 = Debug_2|Any CPU
		{89B26DD1-40BF-4153-A3DF-F8FF5EAFDD5F}.Debug_2|x64.ActiveCfg = Debug_2|Any CPU
		{89B26DD1-40BF-4153-A3DF-F8FF5EAFDD5F}.Debug_2|x64.Build.0 = Debug_2|Any CPU
		{89B26DD1-40BF-4153-A3DF-F8FF5EAFDD5F}.Debug_Debice|Any CPU.ActiveCfg = Debug|Any CPU
		{89B26DD1-40BF-4153-A3DF-F8FF5EAFDD5F}.Debug_Debice|Any CPU.Build.0 = Debug|Any CPU
		{89B26DD1-40BF-4153-A3DF-F8FF5EAFDD5F}.Debug_Debice|x64.ActiveCfg = Debug|Any CPU
		{89B26DD1-40BF-4153-A3DF-F8FF5EAFDD5F}.Debug_Debice|x64.Build.0 = Debug|Any CPU
		{89B26DD1-40BF-4153-A3DF-F8FF5EAFDD5F}.Debug_Device|Any CPU.ActiveCfg = Debug|Any CPU
		{89B26DD1-40BF-4153-A3DF-F8FF5EAFDD5F}.Debug_Device|Any CPU.Build.0 = Debug|Any CPU
		{89B26DD1-40BF-4153-A3DF-F8FF5EAFDD5F}.Debug_Device|x64.ActiveCfg = Debug|Any CPU
		{89B26DD1-40BF-4153-A3DF-F8FF5EAFDD5F}.Debug_Device|x64.Build.0 = Debug|Any CPU
		{89B26DD1-40BF-4153-A3DF-F8FF5EAFDD5F}.Debug_Manager|Any CPU.ActiveCfg = Debug|Any CPU
		{89B26DD1-40BF-4153-A3DF-F8FF5EAFDD5F}.Debug_Manager|Any CPU.Build.0 = Debug|Any CPU
		{89B26DD1-40BF-4153-A3DF-F8FF5EAFDD5F}.Debug_Manager|x64.ActiveCfg = Debug|Any CPU
		{89B26DD1-40BF-4153-A3DF-F8FF5EAFDD5F}.Debug_Manager|x64.Build.0 = Debug|Any CPU
		{89B26DD1-40BF-4153-A3DF-F8FF5EAFDD5F}.Debug|Any CPU.ActiveCfg = Debug|Any CPU
		{89B26DD1-40BF-4153-A3DF-F8FF5EAFDD5F}.Debug|Any CPU.Build.0 = Debug|Any CPU
		{89B26DD1-40BF-4153-A3DF-F8FF5EAFDD5F}.Debug|x64.ActiveCfg = Debug|Any CPU
		{89B26DD1-40BF-4153-A3DF-F8FF5EAFDD5F}.Debug|x64.Build.0 = Debug|Any CPU
		{89B26DD1-40BF-4153-A3DF-F8FF5EAFDD5F}.Device_Debug|Any CPU.ActiveCfg = Debug|Any CPU
		{89B26DD1-40BF-4153-A3DF-F8FF5EAFDD5F}.Device_Debug|Any CPU.Build.0 = Debug|Any CPU
		{89B26DD1-40BF-4153-A3DF-F8FF5EAFDD5F}.Device_Debug|x64.ActiveCfg = Debug|Any CPU
		{89B26DD1-40BF-4153-A3DF-F8FF5EAFDD5F}.Device_Debug|x64.Build.0 = Debug|Any CPU
		{89B26DD1-40BF-4153-A3DF-F8FF5EAFDD5F}.MGR-Debug|Any CPU.ActiveCfg = Debug|Any CPU
		{89B26DD1-40BF-4153-A3DF-F8FF5EAFDD5F}.MGR-Debug|Any CPU.Build.0 = Debug|Any CPU
		{89B26DD1-40BF-4153-A3DF-F8FF5EAFDD5F}.MGR-Debug|x64.ActiveCfg = Debug|Any CPU
		{89B26DD1-40BF-4153-A3DF-F8FF5EAFDD5F}.MGR-Debug|x64.Build.0 = Debug|Any CPU
		{89B26DD1-40BF-4153-A3DF-F8FF5EAFDD5F}.Release|Any CPU.ActiveCfg = Release|Any CPU
		{89B26DD1-40BF-4153-A3DF-F8FF5EAFDD5F}.Release|Any CPU.Build.0 = Release|Any CPU
		{89B26DD1-40BF-4153-A3DF-F8FF5EAFDD5F}.Release|x64.ActiveCfg = Release|Any CPU
		{89B26DD1-40BF-4153-A3DF-F8FF5EAFDD5F}.Release|x64.Build.0 = Release|Any CPU
		{89B26DD1-40BF-4153-A3DF-F8FF5EAFDD5F}.ReleaseWithDebug|Any CPU.ActiveCfg = Release|Any CPU
		{89B26DD1-40BF-4153-A3DF-F8FF5EAFDD5F}.ReleaseWithDebug|Any CPU.Build.0 = Release|Any CPU
		{89B26DD1-40BF-4153-A3DF-F8FF5EAFDD5F}.ReleaseWithDebug|x64.ActiveCfg = Release|Any CPU
		{89B26DD1-40BF-4153-A3DF-F8FF5EAFDD5F}.ReleaseWithDebug|x64.Build.0 = Release|Any CPU
		{89B26DD1-40BF-4153-A3DF-F8FF5EAFDD5F}.Trace|Any CPU.ActiveCfg = Debug|Any CPU
		{89B26DD1-40BF-4153-A3DF-F8FF5EAFDD5F}.Trace|Any CPU.Build.0 = Debug|Any CPU
		{89B26DD1-40BF-4153-A3DF-F8FF5EAFDD5F}.Trace|x64.ActiveCfg = Debug|Any CPU
		{89B26DD1-40BF-4153-A3DF-F8FF5EAFDD5F}.Trace|x64.Build.0 = Debug|Any CPU
		{E072F5D9-FF36-4F9F-97D2-EBB7B9A97E9C}.Debug_1|Any CPU.ActiveCfg = Debug_2|Any CPU
		{E072F5D9-FF36-4F9F-97D2-EBB7B9A97E9C}.Debug_1|Any CPU.Build.0 = Debug_2|Any CPU
		{E072F5D9-FF36-4F9F-97D2-EBB7B9A97E9C}.Debug_1|x64.ActiveCfg = Debug_2|Any CPU
		{E072F5D9-FF36-4F9F-97D2-EBB7B9A97E9C}.Debug_1|x64.Build.0 = Debug_2|Any CPU
		{E072F5D9-FF36-4F9F-97D2-EBB7B9A97E9C}.Debug_2|Any CPU.ActiveCfg = Debug_2|Any CPU
		{E072F5D9-FF36-4F9F-97D2-EBB7B9A97E9C}.Debug_2|Any CPU.Build.0 = Debug_2|Any CPU
		{E072F5D9-FF36-4F9F-97D2-EBB7B9A97E9C}.Debug_2|x64.ActiveCfg = Debug_2|Any CPU
		{E072F5D9-FF36-4F9F-97D2-EBB7B9A97E9C}.Debug_2|x64.Build.0 = Debug_2|Any CPU
		{E072F5D9-FF36-4F9F-97D2-EBB7B9A97E9C}.Debug_Debice|Any CPU.ActiveCfg = Debug|Any CPU
		{E072F5D9-FF36-4F9F-97D2-EBB7B9A97E9C}.Debug_Debice|Any CPU.Build.0 = Debug|Any CPU
		{E072F5D9-FF36-4F9F-97D2-EBB7B9A97E9C}.Debug_Debice|x64.ActiveCfg = Debug|Any CPU
		{E072F5D9-FF36-4F9F-97D2-EBB7B9A97E9C}.Debug_Debice|x64.Build.0 = Debug|Any CPU
		{E072F5D9-FF36-4F9F-97D2-EBB7B9A97E9C}.Debug_Device|Any CPU.ActiveCfg = Debug|Any CPU
		{E072F5D9-FF36-4F9F-97D2-EBB7B9A97E9C}.Debug_Device|Any CPU.Build.0 = Debug|Any CPU
		{E072F5D9-FF36-4F9F-97D2-EBB7B9A97E9C}.Debug_Device|x64.ActiveCfg = Debug|Any CPU
		{E072F5D9-FF36-4F9F-97D2-EBB7B9A97E9C}.Debug_Device|x64.Build.0 = Debug|Any CPU
		{E072F5D9-FF36-4F9F-97D2-EBB7B9A97E9C}.Debug_Manager|Any CPU.ActiveCfg = Debug|Any CPU
		{E072F5D9-FF36-4F9F-97D2-EBB7B9A97E9C}.Debug_Manager|Any CPU.Build.0 = Debug|Any CPU
		{E072F5D9-FF36-4F9F-97D2-EBB7B9A97E9C}.Debug_Manager|x64.ActiveCfg = Debug|Any CPU
		{E072F5D9-FF36-4F9F-97D2-EBB7B9A97E9C}.Debug_Manager|x64.Build.0 = Debug|Any CPU
		{E072F5D9-FF36-4F9F-97D2-EBB7B9A97E9C}.Debug|Any CPU.ActiveCfg = Debug|Any CPU
		{E072F5D9-FF36-4F9F-97D2-EBB7B9A97E9C}.Debug|Any CPU.Build.0 = Debug|Any CPU
		{E072F5D9-FF36-4F9F-97D2-EBB7B9A97E9C}.Debug|x64.ActiveCfg = Debug|Any CPU
		{E072F5D9-FF36-4F9F-97D2-EBB7B9A97E9C}.Debug|x64.Build.0 = Debug|Any CPU
		{E072F5D9-FF36-4F9F-97D2-EBB7B9A97E9C}.Device_Debug|Any CPU.ActiveCfg = Debug|Any CPU
		{E072F5D9-FF36-4F9F-97D2-EBB7B9A97E9C}.Device_Debug|Any CPU.Build.0 = Debug|Any CPU
		{E072F5D9-FF36-4F9F-97D2-EBB7B9A97E9C}.Device_Debug|x64.ActiveCfg = Debug|Any CPU
		{E072F5D9-FF36-4F9F-97D2-EBB7B9A97E9C}.Device_Debug|x64.Build.0 = Debug|Any CPU
		{E072F5D9-FF36-4F9F-97D2-EBB7B9A97E9C}.MGR-Debug|Any CPU.ActiveCfg = Debug|Any CPU
		{E072F5D9-FF36-4F9F-97D2-EBB7B9A97E9C}.MGR-Debug|Any CPU.Build.0 = Debug|Any CPU
		{E072F5D9-FF36-4F9F-97D2-EBB7B9A97E9C}.MGR-Debug|x64.ActiveCfg = Debug|Any CPU
		{E072F5D9-FF36-4F9F-97D2-EBB7B9A97E9C}.MGR-Debug|x64.Build.0 = Debug|Any CPU
		{E072F5D9-FF36-4F9F-97D2-EBB7B9A97E9C}.Release|Any CPU.ActiveCfg = Release|Any CPU
		{E072F5D9-FF36-4F9F-97D2-EBB7B9A97E9C}.Release|Any CPU.Build.0 = Release|Any CPU
		{E072F5D9-FF36-4F9F-97D2-EBB7B9A97E9C}.Release|x64.ActiveCfg = Release|Any CPU
		{E072F5D9-FF36-4F9F-97D2-EBB7B9A97E9C}.Release|x64.Build.0 = Release|Any CPU
		{E072F5D9-FF36-4F9F-97D2-EBB7B9A97E9C}.ReleaseWithDebug|Any CPU.ActiveCfg = Release|Any CPU
		{E072F5D9-FF36-4F9F-97D2-EBB7B9A97E9C}.ReleaseWithDebug|Any CPU.Build.0 = Release|Any CPU
		{E072F5D9-FF36-4F9F-97D2-EBB7B9A97E9C}.ReleaseWithDebug|x64.ActiveCfg = Release|Any CPU
		{E072F5D9-FF36-4F9F-97D2-EBB7B9A97E9C}.ReleaseWithDebug|x64.Build.0 = Release|Any CPU
		{E072F5D9-FF36-4F9F-97D2-EBB7B9A97E9C}.Trace|Any CPU.ActiveCfg = Debug|Any CPU
		{E072F5D9-FF36-4F9F-97D2-EBB7B9A97E9C}.Trace|Any CPU.Build.0 = Debug|Any CPU
		{E072F5D9-FF36-4F9F-97D2-EBB7B9A97E9C}.Trace|x64.ActiveCfg = Debug|Any CPU
		{E072F5D9-FF36-4F9F-97D2-EBB7B9A97E9C}.Trace|x64.Build.0 = Debug|Any CPU
		{D1234BAA-9C41-4A87-BCEE-D5143AB35643}.Debug_1|Any CPU.ActiveCfg = Debug_2|Any CPU
		{D1234BAA-9C41-4A87-BCEE-D5143AB35643}.Debug_1|Any CPU.Build.0 = Debug_2|Any CPU
		{D1234BAA-9C41-4A87-BCEE-D5143AB35643}.Debug_1|x64.ActiveCfg = Debug_2|Any CPU
		{D1234BAA-9C41-4A87-BCEE-D5143AB35643}.Debug_1|x64.Build.0 = Debug_2|Any CPU
		{D1234BAA-9C41-4A87-BCEE-D5143AB35643}.Debug_2|Any CPU.ActiveCfg = Debug_2|Any CPU
		{D1234BAA-9C41-4A87-BCEE-D5143AB35643}.Debug_2|Any CPU.Build.0 = Debug_2|Any CPU
		{D1234BAA-9C41-4A87-BCEE-D5143AB35643}.Debug_2|x64.ActiveCfg = Debug_2|Any CPU
		{D1234BAA-9C41-4A87-BCEE-D5143AB35643}.Debug_2|x64.Build.0 = Debug_2|Any CPU
		{D1234BAA-9C41-4A87-BCEE-D5143AB35643}.Debug_Debice|Any CPU.ActiveCfg = Debug|Any CPU
		{D1234BAA-9C41-4A87-BCEE-D5143AB35643}.Debug_Debice|Any CPU.Build.0 = Debug|Any CPU
		{D1234BAA-9C41-4A87-BCEE-D5143AB35643}.Debug_Debice|x64.ActiveCfg = Debug|Any CPU
		{D1234BAA-9C41-4A87-BCEE-D5143AB35643}.Debug_Debice|x64.Build.0 = Debug|Any CPU
		{D1234BAA-9C41-4A87-BCEE-D5143AB35643}.Debug_Device|Any CPU.ActiveCfg = Debug|Any CPU
		{D1234BAA-9C41-4A87-BCEE-D5143AB35643}.Debug_Device|Any CPU.Build.0 = Debug|Any CPU
		{D1234BAA-9C41-4A87-BCEE-D5143AB35643}.Debug_Device|x64.ActiveCfg = Debug|Any CPU
		{D1234BAA-9C41-4A87-BCEE-D5143AB35643}.Debug_Device|x64.Build.0 = Debug|Any CPU
		{D1234BAA-9C41-4A87-BCEE-D5143AB35643}.Debug_Manager|Any CPU.ActiveCfg = Debug|Any CPU
		{D1234BAA-9C41-4A87-BCEE-D5143AB35643}.Debug_Manager|Any CPU.Build.0 = Debug|Any CPU
		{D1234BAA-9C41-4A87-BCEE-D5143AB35643}.Debug_Manager|x64.ActiveCfg = Debug|Any CPU
		{D1234BAA-9C41-4A87-BCEE-D5143AB35643}.Debug_Manager|x64.Build.0 = Debug|Any CPU
		{D1234BAA-9C41-4A87-BCEE-D5143AB35643}.Debug|Any CPU.ActiveCfg = Debug|Any CPU
		{D1234BAA-9C41-4A87-BCEE-D5143AB35643}.Debug|Any CPU.Build.0 = Debug|Any CPU
		{D1234BAA-9C41-4A87-BCEE-D5143AB35643}.Debug|x64.ActiveCfg = Debug|Any CPU
		{D1234BAA-9C41-4A87-BCEE-D5143AB35643}.Debug|x64.Build.0 = Debug|Any CPU
		{D1234BAA-9C41-4A87-BCEE-D5143AB35643}.Device_Debug|Any CPU.ActiveCfg = Debug|Any CPU
		{D1234BAA-9C41-4A87-BCEE-D5143AB35643}.Device_Debug|Any CPU.Build.0 = Debug|Any CPU
		{D1234BAA-9C41-4A87-BCEE-D5143AB35643}.Device_Debug|x64.ActiveCfg = Debug|Any CPU
		{D1234BAA-9C41-4A87-BCEE-D5143AB35643}.Device_Debug|x64.Build.0 = Debug|Any CPU
		{D1234BAA-9C41-4A87-BCEE-D5143AB35643}.MGR-Debug|Any CPU.ActiveCfg = Debug|Any CPU
		{D1234BAA-9C41-4A87-BCEE-D5143AB35643}.MGR-Debug|Any CPU.Build.0 = Debug|Any CPU
		{D1234BAA-9C41-4A87-BCEE-D5143AB35643}.MGR-Debug|x64.ActiveCfg = Debug|Any CPU
		{D1234BAA-9C41-4A87-BCEE-D5143AB35643}.MGR-Debug|x64.Build.0 = Debug|Any CPU
		{D1234BAA-9C41-4A87-BCEE-D5143AB35643}.Release|Any CPU.ActiveCfg = Release|Any CPU
		{D1234BAA-9C41-4A87-BCEE-D5143AB35643}.Release|Any CPU.Build.0 = Release|Any CPU
		{D1234BAA-9C41-4A87-BCEE-D5143AB35643}.Release|x64.ActiveCfg = Release|Any CPU
		{D1234BAA-9C41-4A87-BCEE-D5143AB35643}.Release|x64.Build.0 = Release|Any CPU
		{D1234BAA-9C41-4A87-BCEE-D5143AB35643}.ReleaseWithDebug|Any CPU.ActiveCfg = Release|Any CPU
		{D1234BAA-9C41-4A87-BCEE-D5143AB35643}.ReleaseWithDebug|Any CPU.Build.0 = Release|Any CPU
		{D1234BAA-9C41-4A87-BCEE-D5143AB35643}.ReleaseWithDebug|x64.ActiveCfg = Release|Any CPU
		{D1234BAA-9C41-4A87-BCEE-D5143AB35643}.ReleaseWithDebug|x64.Build.0 = Release|Any CPU
		{D1234BAA-9C41-4A87-BCEE-D5143AB35643}.Trace|Any CPU.ActiveCfg = Debug|Any CPU
		{D1234BAA-9C41-4A87-BCEE-D5143AB35643}.Trace|Any CPU.Build.0 = Debug|Any CPU
		{D1234BAA-9C41-4A87-BCEE-D5143AB35643}.Trace|x64.ActiveCfg = Debug|Any CPU
		{D1234BAA-9C41-4A87-BCEE-D5143AB35643}.Trace|x64.Build.0 = Debug|Any CPU
		{E5DF6A16-F8E0-437E-A493-653A79DA2342}.Debug_1|Any CPU.ActiveCfg = Debug|Any CPU
		{E5DF6A16-F8E0-437E-A493-653A79DA2342}.Debug_1|Any CPU.Build.0 = Debug|Any CPU
		{E5DF6A16-F8E0-437E-A493-653A79DA2342}.Debug_1|x64.ActiveCfg = Debug|Any CPU
		{E5DF6A16-F8E0-437E-A493-653A79DA2342}.Debug_1|x64.Build.0 = Debug|Any CPU
		{E5DF6A16-F8E0-437E-A493-653A79DA2342}.Debug_2|Any CPU.ActiveCfg = Debug|Any CPU
		{E5DF6A16-F8E0-437E-A493-653A79DA2342}.Debug_2|Any CPU.Build.0 = Debug|Any CPU
		{E5DF6A16-F8E0-437E-A493-653A79DA2342}.Debug_2|x64.ActiveCfg = Debug|Any CPU
		{E5DF6A16-F8E0-437E-A493-653A79DA2342}.Debug_2|x64.Build.0 = Debug|Any CPU
		{E5DF6A16-F8E0-437E-A493-653A79DA2342}.Debug_Debice|Any CPU.ActiveCfg = Debug|Any CPU
		{E5DF6A16-F8E0-437E-A493-653A79DA2342}.Debug_Debice|Any CPU.Build.0 = Debug|Any CPU
		{E5DF6A16-F8E0-437E-A493-653A79DA2342}.Debug_Debice|x64.ActiveCfg = Debug|Any CPU
		{E5DF6A16-F8E0-437E-A493-653A79DA2342}.Debug_Debice|x64.Build.0 = Debug|Any CPU
		{E5DF6A16-F8E0-437E-A493-653A79DA2342}.Debug_Device|Any CPU.ActiveCfg = Debug|Any CPU
		{E5DF6A16-F8E0-437E-A493-653A79DA2342}.Debug_Device|Any CPU.Build.0 = Debug|Any CPU
		{E5DF6A16-F8E0-437E-A493-653A79DA2342}.Debug_Device|x64.ActiveCfg = Debug|Any CPU
		{E5DF6A16-F8E0-437E-A493-653A79DA2342}.Debug_Device|x64.Build.0 = Debug|Any CPU
		{E5DF6A16-F8E0-437E-A493-653A79DA2342}.Debug_Manager|Any CPU.ActiveCfg = Debug|Any CPU
		{E5DF6A16-F8E0-437E-A493-653A79DA2342}.Debug_Manager|Any CPU.Build.0 = Debug|Any CPU
		{E5DF6A16-F8E0-437E-A493-653A79DA2342}.Debug_Manager|x64.ActiveCfg = Debug|Any CPU
		{E5DF6A16-F8E0-437E-A493-653A79DA2342}.Debug_Manager|x64.Build.0 = Debug|Any CPU
		{E5DF6A16-F8E0-437E-A493-653A79DA2342}.Debug|Any CPU.ActiveCfg = Debug|Any CPU
		{E5DF6A16-F8E0-437E-A493-653A79DA2342}.Debug|Any CPU.Build.0 = Debug|Any CPU
		{E5DF6A16-F8E0-437E-A493-653A79DA2342}.Debug|x64.ActiveCfg = Debug|Any CPU
		{E5DF6A16-F8E0-437E-A493-653A79DA2342}.Debug|x64.Build.0 = Debug|Any CPU
		{E5DF6A16-F8E0-437E-A493-653A79DA2342}.Device_Debug|Any CPU.ActiveCfg = Debug|Any CPU
		{E5DF6A16-F8E0-437E-A493-653A79DA2342}.Device_Debug|Any CPU.Build.0 = Debug|Any CPU
		{E5DF6A16-F8E0-437E-A493-653A79DA2342}.Device_Debug|x64.ActiveCfg = Debug|Any CPU
		{E5DF6A16-F8E0-437E-A493-653A79DA2342}.Device_Debug|x64.Build.0 = Debug|Any CPU
		{E5DF6A16-F8E0-437E-A493-653A79DA2342}.MGR-Debug|Any CPU.ActiveCfg = Debug|Any CPU
		{E5DF6A16-F8E0-437E-A493-653A79DA2342}.MGR-Debug|Any CPU.Build.0 = Debug|Any CPU
		{E5DF6A16-F8E0-437E-A493-653A79DA2342}.MGR-Debug|x64.ActiveCfg = Debug|Any CPU
		{E5DF6A16-F8E0-437E-A493-653A79DA2342}.MGR-Debug|x64.Build.0 = Debug|Any CPU
		{E5DF6A16-F8E0-437E-A493-653A79DA2342}.Release|Any CPU.ActiveCfg = Release|Any CPU
		{E5DF6A16-F8E0-437E-A493-653A79DA2342}.Release|Any CPU.Build.0 = Release|Any CPU
		{E5DF6A16-F8E0-437E-A493-653A79DA2342}.Release|x64.ActiveCfg = Release|Any CPU
		{E5DF6A16-F8E0-437E-A493-653A79DA2342}.Release|x64.Build.0 = Release|Any CPU
		{E5DF6A16-F8E0-437E-A493-653A79DA2342}.ReleaseWithDebug|Any CPU.ActiveCfg = Release|Any CPU
		{E5DF6A16-F8E0-437E-A493-653A79DA2342}.ReleaseWithDebug|Any CPU.Build.0 = Release|Any CPU
		{E5DF6A16-F8E0-437E-A493-653A79DA2342}.ReleaseWithDebug|x64.ActiveCfg = Release|Any CPU
		{E5DF6A16-F8E0-437E-A493-653A79DA2342}.ReleaseWithDebug|x64.Build.0 = Release|Any CPU
		{E5DF6A16-F8E0-437E-A493-653A79DA2342}.Trace|Any CPU.ActiveCfg = Debug|Any CPU
		{E5DF6A16-F8E0-437E-A493-653A79DA2342}.Trace|Any CPU.Build.0 = Debug|Any CPU
		{E5DF6A16-F8E0-437E-A493-653A79DA2342}.Trace|x64.ActiveCfg = Debug|Any CPU
		{E5DF6A16-F8E0-437E-A493-653A79DA2342}.Trace|x64.Build.0 = Debug|Any CPU
		{681CEA0F-F2C8-4533-A4CC-EB7B37F6228B}.Debug_1|Any CPU.ActiveCfg = Debug_1|Any CPU
		{681CEA0F-F2C8-4533-A4CC-EB7B37F6228B}.Debug_1|Any CPU.Build.0 = Debug_1|Any CPU
		{681CEA0F-F2C8-4533-A4CC-EB7B37F6228B}.Debug_1|x64.ActiveCfg = Debug_1|Any CPU
		{681CEA0F-F2C8-4533-A4CC-EB7B37F6228B}.Debug_1|x64.Build.0 = Debug_1|Any CPU
		{681CEA0F-F2C8-4533-A4CC-EB7B37F6228B}.Debug_2|Any CPU.ActiveCfg = Debug_2|Any CPU
		{681CEA0F-F2C8-4533-A4CC-EB7B37F6228B}.Debug_2|Any CPU.Build.0 = Debug_2|Any CPU
		{681CEA0F-F2C8-4533-A4CC-EB7B37F6228B}.Debug_2|x64.ActiveCfg = Debug_2|Any CPU
		{681CEA0F-F2C8-4533-A4CC-EB7B37F6228B}.Debug_2|x64.Build.0 = Debug_2|Any CPU
		{681CEA0F-F2C8-4533-A4CC-EB7B37F6228B}.Debug_Debice|Any CPU.ActiveCfg = Debug|Any CPU
		{681CEA0F-F2C8-4533-A4CC-EB7B37F6228B}.Debug_Debice|Any CPU.Build.0 = Debug|Any CPU
		{681CEA0F-F2C8-4533-A4CC-EB7B37F6228B}.Debug_Debice|x64.ActiveCfg = Debug|Any CPU
		{681CEA0F-F2C8-4533-A4CC-EB7B37F6228B}.Debug_Debice|x64.Build.0 = Debug|Any CPU
		{681CEA0F-F2C8-4533-A4CC-EB7B37F6228B}.Debug_Device|Any CPU.ActiveCfg = Debug|Any CPU
		{681CEA0F-F2C8-4533-A4CC-EB7B37F6228B}.Debug_Device|Any CPU.Build.0 = Debug|Any CPU
		{681CEA0F-F2C8-4533-A4CC-EB7B37F6228B}.Debug_Device|x64.ActiveCfg = Debug|Any CPU
		{681CEA0F-F2C8-4533-A4CC-EB7B37F6228B}.Debug_Device|x64.Build.0 = Debug|Any CPU
		{681CEA0F-F2C8-4533-A4CC-EB7B37F6228B}.Debug_Manager|Any CPU.ActiveCfg = Debug|Any CPU
		{681CEA0F-F2C8-4533-A4CC-EB7B37F6228B}.Debug_Manager|Any CPU.Build.0 = Debug|Any CPU
		{681CEA0F-F2C8-4533-A4CC-EB7B37F6228B}.Debug_Manager|x64.ActiveCfg = Debug|Any CPU
		{681CEA0F-F2C8-4533-A4CC-EB7B37F6228B}.Debug_Manager|x64.Build.0 = Debug|Any CPU
		{681CEA0F-F2C8-4533-A4CC-EB7B37F6228B}.Debug|Any CPU.ActiveCfg = Debug|Any CPU
		{681CEA0F-F2C8-4533-A4CC-EB7B37F6228B}.Debug|Any CPU.Build.0 = Debug|Any CPU
		{681CEA0F-F2C8-4533-A4CC-EB7B37F6228B}.Debug|x64.ActiveCfg = Debug|Any CPU
		{681CEA0F-F2C8-4533-A4CC-EB7B37F6228B}.Debug|x64.Build.0 = Debug|Any CPU
		{681CEA0F-F2C8-4533-A4CC-EB7B37F6228B}.Device_Debug|Any CPU.ActiveCfg = Debug|Any CPU
		{681CEA0F-F2C8-4533-A4CC-EB7B37F6228B}.Device_Debug|Any CPU.Build.0 = Debug|Any CPU
		{681CEA0F-F2C8-4533-A4CC-EB7B37F6228B}.Device_Debug|x64.ActiveCfg = Debug|Any CPU
		{681CEA0F-F2C8-4533-A4CC-EB7B37F6228B}.Device_Debug|x64.Build.0 = Debug|Any CPU
		{681CEA0F-F2C8-4533-A4CC-EB7B37F6228B}.MGR-Debug|Any CPU.ActiveCfg = Debug|Any CPU
		{681CEA0F-F2C8-4533-A4CC-EB7B37F6228B}.MGR-Debug|Any CPU.Build.0 = Debug|Any CPU
		{681CEA0F-F2C8-4533-A4CC-EB7B37F6228B}.MGR-Debug|x64.ActiveCfg = Debug|Any CPU
		{681CEA0F-F2C8-4533-A4CC-EB7B37F6228B}.MGR-Debug|x64.Build.0 = Debug|Any CPU
		{681CEA0F-F2C8-4533-A4CC-EB7B37F6228B}.Release|Any CPU.ActiveCfg = Release|Any CPU
		{681CEA0F-F2C8-4533-A4CC-EB7B37F6228B}.Release|Any CPU.Build.0 = Release|Any CPU
		{681CEA0F-F2C8-4533-A4CC-EB7B37F6228B}.Release|x64.ActiveCfg = Release|Any CPU
		{681CEA0F-F2C8-4533-A4CC-EB7B37F6228B}.Release|x64.Build.0 = Release|Any CPU
		{681CEA0F-F2C8-4533-A4CC-EB7B37F6228B}.ReleaseWithDebug|Any CPU.ActiveCfg = Release|Any CPU
		{681CEA0F-F2C8-4533-A4CC-EB7B37F6228B}.ReleaseWithDebug|Any CPU.Build.0 = Release|Any CPU
		{681CEA0F-F2C8-4533-A4CC-EB7B37F6228B}.ReleaseWithDebug|x64.ActiveCfg = Release|Any CPU
		{681CEA0F-F2C8-4533-A4CC-EB7B37F6228B}.ReleaseWithDebug|x64.Build.0 = Release|Any CPU
		{681CEA0F-F2C8-4533-A4CC-EB7B37F6228B}.Trace|Any CPU.ActiveCfg = Debug|Any CPU
		{681CEA0F-F2C8-4533-A4CC-EB7B37F6228B}.Trace|Any CPU.Build.0 = Debug|Any CPU
		{681CEA0F-F2C8-4533-A4CC-EB7B37F6228B}.Trace|x64.ActiveCfg = Debug|Any CPU
		{681CEA0F-F2C8-4533-A4CC-EB7B37F6228B}.Trace|x64.Build.0 = Debug|Any CPU
		{9A73B012-BBFF-47A5-A8DF-EC4E7198CD90}.Debug_1|Any CPU.ActiveCfg = Debug_1|Any CPU
		{9A73B012-BBFF-47A5-A8DF-EC4E7198CD90}.Debug_1|Any CPU.Build.0 = Debug_1|Any CPU
		{9A73B012-BBFF-47A5-A8DF-EC4E7198CD90}.Debug_1|x64.ActiveCfg = Debug_1|Any CPU
		{9A73B012-BBFF-47A5-A8DF-EC4E7198CD90}.Debug_1|x64.Build.0 = Debug_1|Any CPU
		{9A73B012-BBFF-47A5-A8DF-EC4E7198CD90}.Debug_2|Any CPU.ActiveCfg = Debug_2|Any CPU
		{9A73B012-BBFF-47A5-A8DF-EC4E7198CD90}.Debug_2|Any CPU.Build.0 = Debug_2|Any CPU
		{9A73B012-BBFF-47A5-A8DF-EC4E7198CD90}.Debug_2|x64.ActiveCfg = Debug_2|Any CPU
		{9A73B012-BBFF-47A5-A8DF-EC4E7198CD90}.Debug_2|x64.Build.0 = Debug_2|Any CPU
		{9A73B012-BBFF-47A5-A8DF-EC4E7198CD90}.Debug_Debice|Any CPU.ActiveCfg = Debug|Any CPU
		{9A73B012-BBFF-47A5-A8DF-EC4E7198CD90}.Debug_Debice|Any CPU.Build.0 = Debug|Any CPU
		{9A73B012-BBFF-47A5-A8DF-EC4E7198CD90}.Debug_Debice|x64.ActiveCfg = Debug|Any CPU
		{9A73B012-BBFF-47A5-A8DF-EC4E7198CD90}.Debug_Debice|x64.Build.0 = Debug|Any CPU
		{9A73B012-BBFF-47A5-A8DF-EC4E7198CD90}.Debug_Device|Any CPU.ActiveCfg = Debug|Any CPU
		{9A73B012-BBFF-47A5-A8DF-EC4E7198CD90}.Debug_Device|Any CPU.Build.0 = Debug|Any CPU
		{9A73B012-BBFF-47A5-A8DF-EC4E7198CD90}.Debug_Device|x64.ActiveCfg = Debug|Any CPU
		{9A73B012-BBFF-47A5-A8DF-EC4E7198CD90}.Debug_Device|x64.Build.0 = Debug|Any CPU
		{9A73B012-BBFF-47A5-A8DF-EC4E7198CD90}.Debug_Manager|Any CPU.ActiveCfg = Debug|Any CPU
		{9A73B012-BBFF-47A5-A8DF-EC4E7198CD90}.Debug_Manager|Any CPU.Build.0 = Debug|Any CPU
		{9A73B012-BBFF-47A5-A8DF-EC4E7198CD90}.Debug_Manager|x64.ActiveCfg = Debug|Any CPU
		{9A73B012-BBFF-47A5-A8DF-EC4E7198CD90}.Debug_Manager|x64.Build.0 = Debug|Any CPU
		{9A73B012-BBFF-47A5-A8DF-EC4E7198CD90}.Debug|Any CPU.ActiveCfg = Debug|Any CPU
		{9A73B012-BBFF-47A5-A8DF-EC4E7198CD90}.Debug|Any CPU.Build.0 = Debug|Any CPU
		{9A73B012-BBFF-47A5-A8DF-EC4E7198CD90}.Debug|x64.ActiveCfg = Debug|Any CPU
		{9A73B012-BBFF-47A5-A8DF-EC4E7198CD90}.Debug|x64.Build.0 = Debug|Any CPU
		{9A73B012-BBFF-47A5-A8DF-EC4E7198CD90}.Device_Debug|Any CPU.ActiveCfg = Debug|Any CPU
		{9A73B012-BBFF-47A5-A8DF-EC4E7198CD90}.Device_Debug|Any CPU.Build.0 = Debug|Any CPU
		{9A73B012-BBFF-47A5-A8DF-EC4E7198CD90}.Device_Debug|x64.ActiveCfg = Debug|Any CPU
		{9A73B012-BBFF-47A5-A8DF-EC4E7198CD90}.Device_Debug|x64.Build.0 = Debug|Any CPU
		{9A73B012-BBFF-47A5-A8DF-EC4E7198CD90}.MGR-Debug|Any CPU.ActiveCfg = Debug|Any CPU
		{9A73B012-BBFF-47A5-A8DF-EC4E7198CD90}.MGR-Debug|Any CPU.Build.0 = Debug|Any CPU
		{9A73B012-BBFF-47A5-A8DF-EC4E7198CD90}.MGR-Debug|x64.ActiveCfg = Debug|Any CPU
		{9A73B012-BBFF-47A5-A8DF-EC4E7198CD90}.MGR-Debug|x64.Build.0 = Debug|Any CPU
		{9A73B012-BBFF-47A5-A8DF-EC4E7198CD90}.Release|Any CPU.ActiveCfg = Release|Any CPU
		{9A73B012-BBFF-47A5-A8DF-EC4E7198CD90}.Release|Any CPU.Build.0 = Release|Any CPU
		{9A73B012-BBFF-47A5-A8DF-EC4E7198CD90}.Release|x64.ActiveCfg = Release|Any CPU
		{9A73B012-BBFF-47A5-A8DF-EC4E7198CD90}.Release|x64.Build.0 = Release|Any CPU
		{9A73B012-BBFF-47A5-A8DF-EC4E7198CD90}.ReleaseWithDebug|Any CPU.ActiveCfg = Release|Any CPU
		{9A73B012-BBFF-47A5-A8DF-EC4E7198CD90}.ReleaseWithDebug|Any CPU.Build.0 = Release|Any CPU
		{9A73B012-BBFF-47A5-A8DF-EC4E7198CD90}.ReleaseWithDebug|x64.ActiveCfg = Release|Any CPU
		{9A73B012-BBFF-47A5-A8DF-EC4E7198CD90}.ReleaseWithDebug|x64.Build.0 = Release|Any CPU
		{9A73B012-BBFF-47A5-A8DF-EC4E7198CD90}.Trace|Any CPU.ActiveCfg = Debug|Any CPU
		{9A73B012-BBFF-47A5-A8DF-EC4E7198CD90}.Trace|Any CPU.Build.0 = Debug|Any CPU
		{9A73B012-BBFF-47A5-A8DF-EC4E7198CD90}.Trace|x64.ActiveCfg = Debug|Any CPU
		{9A73B012-BBFF-47A5-A8DF-EC4E7198CD90}.Trace|x64.Build.0 = Debug|Any CPU
		{CCB8C4A8-BFFC-431C-8FC6-0CB3B646A4D9}.Debug_1|Any CPU.ActiveCfg = Debug|Any CPU
		{CCB8C4A8-BFFC-431C-8FC6-0CB3B646A4D9}.Debug_1|Any CPU.Build.0 = Debug|Any CPU
		{CCB8C4A8-BFFC-431C-8FC6-0CB3B646A4D9}.Debug_1|x64.ActiveCfg = Debug|Any CPU
		{CCB8C4A8-BFFC-431C-8FC6-0CB3B646A4D9}.Debug_1|x64.Build.0 = Debug|Any CPU
		{CCB8C4A8-BFFC-431C-8FC6-0CB3B646A4D9}.Debug_2|Any CPU.ActiveCfg = Debug|Any CPU
		{CCB8C4A8-BFFC-431C-8FC6-0CB3B646A4D9}.Debug_2|Any CPU.Build.0 = Debug|Any CPU
		{CCB8C4A8-BFFC-431C-8FC6-0CB3B646A4D9}.Debug_2|x64.ActiveCfg = Debug|Any CPU
		{CCB8C4A8-BFFC-431C-8FC6-0CB3B646A4D9}.Debug_2|x64.Build.0 = Debug|Any CPU
		{CCB8C4A8-BFFC-431C-8FC6-0CB3B646A4D9}.Debug_Debice|Any CPU.ActiveCfg = Debug|Any CPU
		{CCB8C4A8-BFFC-431C-8FC6-0CB3B646A4D9}.Debug_Debice|Any CPU.Build.0 = Debug|Any CPU
		{CCB8C4A8-BFFC-431C-8FC6-0CB3B646A4D9}.Debug_Debice|x64.ActiveCfg = Debug|Any CPU
		{CCB8C4A8-BFFC-431C-8FC6-0CB3B646A4D9}.Debug_Debice|x64.Build.0 = Debug|Any CPU
		{CCB8C4A8-BFFC-431C-8FC6-0CB3B646A4D9}.Debug_Device|Any CPU.ActiveCfg = Debug|Any CPU
		{CCB8C4A8-BFFC-431C-8FC6-0CB3B646A4D9}.Debug_Device|Any CPU.Build.0 = Debug|Any CPU
		{CCB8C4A8-BFFC-431C-8FC6-0CB3B646A4D9}.Debug_Device|x64.ActiveCfg = Debug|Any CPU
		{CCB8C4A8-BFFC-431C-8FC6-0CB3B646A4D9}.Debug_Device|x64.Build.0 = Debug|Any CPU
		{CCB8C4A8-BFFC-431C-8FC6-0CB3B646A4D9}.Debug_Manager|Any CPU.ActiveCfg = Debug|Any CPU
		{CCB8C4A8-BFFC-431C-8FC6-0CB3B646A4D9}.Debug_Manager|Any CPU.Build.0 = Debug|Any CPU
		{CCB8C4A8-BFFC-431C-8FC6-0CB3B646A4D9}.Debug_Manager|x64.ActiveCfg = Debug|Any CPU
		{CCB8C4A8-BFFC-431C-8FC6-0CB3B646A4D9}.Debug_Manager|x64.Build.0 = Debug|Any CPU
		{CCB8C4A8-BFFC-431C-8FC6-0CB3B646A4D9}.Debug|Any CPU.ActiveCfg = Debug|Any CPU
		{CCB8C4A8-BFFC-431C-8FC6-0CB3B646A4D9}.Debug|Any CPU.Build.0 = Debug|Any CPU
		{CCB8C4A8-BFFC-431C-8FC6-0CB3B646A4D9}.Debug|x64.ActiveCfg = Debug|Any CPU
		{CCB8C4A8-BFFC-431C-8FC6-0CB3B646A4D9}.Debug|x64.Build.0 = Debug|Any CPU
		{CCB8C4A8-BFFC-431C-8FC6-0CB3B646A4D9}.Device_Debug|Any CPU.ActiveCfg = Debug|Any CPU
		{CCB8C4A8-BFFC-431C-8FC6-0CB3B646A4D9}.Device_Debug|Any CPU.Build.0 = Debug|Any CPU
		{CCB8C4A8-BFFC-431C-8FC6-0CB3B646A4D9}.Device_Debug|x64.ActiveCfg = Debug|Any CPU
		{CCB8C4A8-BFFC-431C-8FC6-0CB3B646A4D9}.Device_Debug|x64.Build.0 = Debug|Any CPU
		{CCB8C4A8-BFFC-431C-8FC6-0CB3B646A4D9}.MGR-Debug|Any CPU.ActiveCfg = Debug|Any CPU
		{CCB8C4A8-BFFC-431C-8FC6-0CB3B646A4D9}.MGR-Debug|Any CPU.Build.0 = Debug|Any CPU
		{CCB8C4A8-BFFC-431C-8FC6-0CB3B646A4D9}.MGR-Debug|x64.ActiveCfg = Debug|Any CPU
		{CCB8C4A8-BFFC-431C-8FC6-0CB3B646A4D9}.MGR-Debug|x64.Build.0 = Debug|Any CPU
		{CCB8C4A8-BFFC-431C-8FC6-0CB3B646A4D9}.Release|Any CPU.ActiveCfg = Release|Any CPU
		{CCB8C4A8-BFFC-431C-8FC6-0CB3B646A4D9}.Release|Any CPU.Build.0 = Release|Any CPU
		{CCB8C4A8-BFFC-431C-8FC6-0CB3B646A4D9}.Release|x64.ActiveCfg = Release|Any CPU
		{CCB8C4A8-BFFC-431C-8FC6-0CB3B646A4D9}.Release|x64.Build.0 = Release|Any CPU
		{CCB8C4A8-BFFC-431C-8FC6-0CB3B646A4D9}.ReleaseWithDebug|Any CPU.ActiveCfg = Release|Any CPU
		{CCB8C4A8-BFFC-431C-8FC6-0CB3B646A4D9}.ReleaseWithDebug|Any CPU.Build.0 = Release|Any CPU
		{CCB8C4A8-BFFC-431C-8FC6-0CB3B646A4D9}.ReleaseWithDebug|x64.ActiveCfg = Release|Any CPU
		{CCB8C4A8-BFFC-431C-8FC6-0CB3B646A4D9}.ReleaseWithDebug|x64.Build.0 = Release|Any CPU
		{CCB8C4A8-BFFC-431C-8FC6-0CB3B646A4D9}.Trace|Any CPU.ActiveCfg = Debug|Any CPU
		{CCB8C4A8-BFFC-431C-8FC6-0CB3B646A4D9}.Trace|Any CPU.Build.0 = Debug|Any CPU
		{CCB8C4A8-BFFC-431C-8FC6-0CB3B646A4D9}.Trace|x64.ActiveCfg = Debug|Any CPU
		{CCB8C4A8-BFFC-431C-8FC6-0CB3B646A4D9}.Trace|x64.Build.0 = Debug|Any CPU
		{1CD9977C-FF0C-498B-B5DB-5D8625B1FCFC}.Debug_1|Any CPU.ActiveCfg = Debug|Any CPU
		{1CD9977C-FF0C-498B-B5DB-5D8625B1FCFC}.Debug_1|Any CPU.Build.0 = Debug|Any CPU
		{1CD9977C-FF0C-498B-B5DB-5D8625B1FCFC}.Debug_1|x64.ActiveCfg = Debug|Any CPU
		{1CD9977C-FF0C-498B-B5DB-5D8625B1FCFC}.Debug_1|x64.Build.0 = Debug|Any CPU
		{1CD9977C-FF0C-498B-B5DB-5D8625B1FCFC}.Debug_2|Any CPU.ActiveCfg = Debug|Any CPU
		{1CD9977C-FF0C-498B-B5DB-5D8625B1FCFC}.Debug_2|Any CPU.Build.0 = Debug|Any CPU
		{1CD9977C-FF0C-498B-B5DB-5D8625B1FCFC}.Debug_2|x64.ActiveCfg = Debug|Any CPU
		{1CD9977C-FF0C-498B-B5DB-5D8625B1FCFC}.Debug_2|x64.Build.0 = Debug|Any CPU
		{1CD9977C-FF0C-498B-B5DB-5D8625B1FCFC}.Debug_Debice|Any CPU.ActiveCfg = Debug|Any CPU
		{1CD9977C-FF0C-498B-B5DB-5D8625B1FCFC}.Debug_Debice|Any CPU.Build.0 = Debug|Any CPU
		{1CD9977C-FF0C-498B-B5DB-5D8625B1FCFC}.Debug_Debice|x64.ActiveCfg = Debug|Any CPU
		{1CD9977C-FF0C-498B-B5DB-5D8625B1FCFC}.Debug_Debice|x64.Build.0 = Debug|Any CPU
		{1CD9977C-FF0C-498B-B5DB-5D8625B1FCFC}.Debug_Device|Any CPU.ActiveCfg = Debug|Any CPU
		{1CD9977C-FF0C-498B-B5DB-5D8625B1FCFC}.Debug_Device|Any CPU.Build.0 = Debug|Any CPU
		{1CD9977C-FF0C-498B-B5DB-5D8625B1FCFC}.Debug_Device|x64.ActiveCfg = Debug|Any CPU
		{1CD9977C-FF0C-498B-B5DB-5D8625B1FCFC}.Debug_Device|x64.Build.0 = Debug|Any CPU
		{1CD9977C-FF0C-498B-B5DB-5D8625B1FCFC}.Debug_Manager|Any CPU.ActiveCfg = Debug|Any CPU
		{1CD9977C-FF0C-498B-B5DB-5D8625B1FCFC}.Debug_Manager|Any CPU.Build.0 = Debug|Any CPU
		{1CD9977C-FF0C-498B-B5DB-5D8625B1FCFC}.Debug_Manager|x64.ActiveCfg = Debug|Any CPU
		{1CD9977C-FF0C-498B-B5DB-5D8625B1FCFC}.Debug_Manager|x64.Build.0 = Debug|Any CPU
		{1CD9977C-FF0C-498B-B5DB-5D8625B1FCFC}.Debug|Any CPU.ActiveCfg = Debug|Any CPU
		{1CD9977C-FF0C-498B-B5DB-5D8625B1FCFC}.Debug|Any CPU.Build.0 = Debug|Any CPU
		{1CD9977C-FF0C-498B-B5DB-5D8625B1FCFC}.Debug|x64.ActiveCfg = Debug|Any CPU
		{1CD9977C-FF0C-498B-B5DB-5D8625B1FCFC}.Debug|x64.Build.0 = Debug|Any CPU
		{1CD9977C-FF0C-498B-B5DB-5D8625B1FCFC}.Device_Debug|Any CPU.ActiveCfg = Debug|Any CPU
		{1CD9977C-FF0C-498B-B5DB-5D8625B1FCFC}.Device_Debug|Any CPU.Build.0 = Debug|Any CPU
		{1CD9977C-FF0C-498B-B5DB-5D8625B1FCFC}.Device_Debug|x64.ActiveCfg = Debug|Any CPU
		{1CD9977C-FF0C-498B-B5DB-5D8625B1FCFC}.Device_Debug|x64.Build.0 = Debug|Any CPU
		{1CD9977C-FF0C-498B-B5DB-5D8625B1FCFC}.MGR-Debug|Any CPU.ActiveCfg = Debug|Any CPU
		{1CD9977C-FF0C-498B-B5DB-5D8625B1FCFC}.MGR-Debug|Any CPU.Build.0 = Debug|Any CPU
		{1CD9977C-FF0C-498B-B5DB-5D8625B1FCFC}.MGR-Debug|x64.ActiveCfg = Debug|Any CPU
		{1CD9977C-FF0C-498B-B5DB-5D8625B1FCFC}.MGR-Debug|x64.Build.0 = Debug|Any CPU
		{1CD9977C-FF0C-498B-B5DB-5D8625B1FCFC}.Release|Any CPU.ActiveCfg = Release|Any CPU
		{1CD9977C-FF0C-498B-B5DB-5D8625B1FCFC}.Release|Any CPU.Build.0 = Release|Any CPU
		{1CD9977C-FF0C-498B-B5DB-5D8625B1FCFC}.Release|x64.ActiveCfg = Release|Any CPU
		{1CD9977C-FF0C-498B-B5DB-5D8625B1FCFC}.Release|x64.Build.0 = Release|Any CPU
		{1CD9977C-FF0C-498B-B5DB-5D8625B1FCFC}.ReleaseWithDebug|Any CPU.ActiveCfg = Release|Any CPU
		{1CD9977C-FF0C-498B-B5DB-5D8625B1FCFC}.ReleaseWithDebug|Any CPU.Build.0 = Release|Any CPU
		{1CD9977C-FF0C-498B-B5DB-5D8625B1FCFC}.ReleaseWithDebug|x64.ActiveCfg = Release|Any CPU
		{1CD9977C-FF0C-498B-B5DB-5D8625B1FCFC}.ReleaseWithDebug|x64.Build.0 = Release|Any CPU
		{1CD9977C-FF0C-498B-B5DB-5D8625B1FCFC}.Trace|Any CPU.ActiveCfg = Debug|Any CPU
		{1CD9977C-FF0C-498B-B5DB-5D8625B1FCFC}.Trace|Any CPU.Build.0 = Debug|Any CPU
		{1CD9977C-FF0C-498B-B5DB-5D8625B1FCFC}.Trace|x64.ActiveCfg = Debug|Any CPU
		{1CD9977C-FF0C-498B-B5DB-5D8625B1FCFC}.Trace|x64.Build.0 = Debug|Any CPU
		{C10D2FFC-3046-4C77-9256-A2DEF26F5685}.Debug_1|Any CPU.ActiveCfg = Debug_1|Any CPU
		{C10D2FFC-3046-4C77-9256-A2DEF26F5685}.Debug_1|Any CPU.Build.0 = Debug_1|Any CPU
		{C10D2FFC-3046-4C77-9256-A2DEF26F5685}.Debug_1|x64.ActiveCfg = Debug_1|Any CPU
		{C10D2FFC-3046-4C77-9256-A2DEF26F5685}.Debug_1|x64.Build.0 = Debug_1|Any CPU
		{C10D2FFC-3046-4C77-9256-A2DEF26F5685}.Debug_2|Any CPU.ActiveCfg = Debug_2|Any CPU
		{C10D2FFC-3046-4C77-9256-A2DEF26F5685}.Debug_2|Any CPU.Build.0 = Debug_2|Any CPU
		{C10D2FFC-3046-4C77-9256-A2DEF26F5685}.Debug_2|x64.ActiveCfg = Debug_2|Any CPU
		{C10D2FFC-3046-4C77-9256-A2DEF26F5685}.Debug_2|x64.Build.0 = Debug_2|Any CPU
		{C10D2FFC-3046-4C77-9256-A2DEF26F5685}.Debug_Debice|Any CPU.ActiveCfg = Debug_1|Any CPU
		{C10D2FFC-3046-4C77-9256-A2DEF26F5685}.Debug_Debice|Any CPU.Build.0 = Debug_1|Any CPU
		{C10D2FFC-3046-4C77-9256-A2DEF26F5685}.Debug_Debice|x64.ActiveCfg = Debug_1|Any CPU
		{C10D2FFC-3046-4C77-9256-A2DEF26F5685}.Debug_Debice|x64.Build.0 = Debug_1|Any CPU
		{C10D2FFC-3046-4C77-9256-A2DEF26F5685}.Debug_Device|Any CPU.ActiveCfg = Debug_1|Any CPU
		{C10D2FFC-3046-4C77-9256-A2DEF26F5685}.Debug_Device|Any CPU.Build.0 = Debug_1|Any CPU
		{C10D2FFC-3046-4C77-9256-A2DEF26F5685}.Debug_Device|x64.ActiveCfg = Debug_1|Any CPU
		{C10D2FFC-3046-4C77-9256-A2DEF26F5685}.Debug_Device|x64.Build.0 = Debug_1|Any CPU
		{C10D2FFC-3046-4C77-9256-A2DEF26F5685}.Debug_Manager|Any CPU.ActiveCfg = Debug_Manager|Any CPU
		{C10D2FFC-3046-4C77-9256-A2DEF26F5685}.Debug_Manager|Any CPU.Build.0 = Debug_Manager|Any CPU
		{C10D2FFC-3046-4C77-9256-A2DEF26F5685}.Debug_Manager|x64.ActiveCfg = Debug_Manager|Any CPU
		{C10D2FFC-3046-4C77-9256-A2DEF26F5685}.Debug_Manager|x64.Build.0 = Debug_Manager|Any CPU
		{C10D2FFC-3046-4C77-9256-A2DEF26F5685}.Debug|Any CPU.ActiveCfg = Debug|Any CPU
		{C10D2FFC-3046-4C77-9256-A2DEF26F5685}.Debug|Any CPU.Build.0 = Debug|Any CPU
		{C10D2FFC-3046-4C77-9256-A2DEF26F5685}.Debug|x64.ActiveCfg = Debug|Any CPU
		{C10D2FFC-3046-4C77-9256-A2DEF26F5685}.Debug|x64.Build.0 = Debug|Any CPU
		{C10D2FFC-3046-4C77-9256-A2DEF26F5685}.Device_Debug|Any CPU.ActiveCfg = Debug|Any CPU
		{C10D2FFC-3046-4C77-9256-A2DEF26F5685}.Device_Debug|Any CPU.Build.0 = Debug|Any CPU
		{C10D2FFC-3046-4C77-9256-A2DEF26F5685}.Device_Debug|x64.ActiveCfg = Debug|Any CPU
		{C10D2FFC-3046-4C77-9256-A2DEF26F5685}.Device_Debug|x64.Build.0 = Debug|Any CPU
		{C10D2FFC-3046-4C77-9256-A2DEF26F5685}.MGR-Debug|Any CPU.ActiveCfg = Debug|Any CPU
		{C10D2FFC-3046-4C77-9256-A2DEF26F5685}.MGR-Debug|Any CPU.Build.0 = Debug|Any CPU
		{C10D2FFC-3046-4C77-9256-A2DEF26F5685}.MGR-Debug|x64.ActiveCfg = Debug|Any CPU
		{C10D2FFC-3046-4C77-9256-A2DEF26F5685}.MGR-Debug|x64.Build.0 = Debug|Any CPU
		{C10D2FFC-3046-4C77-9256-A2DEF26F5685}.Release|Any CPU.ActiveCfg = Release|Any CPU
		{C10D2FFC-3046-4C77-9256-A2DEF26F5685}.Release|Any CPU.Build.0 = Release|Any CPU
		{C10D2FFC-3046-4C77-9256-A2DEF26F5685}.Release|x64.ActiveCfg = Release|Any CPU
		{C10D2FFC-3046-4C77-9256-A2DEF26F5685}.Release|x64.Build.0 = Release|Any CPU
		{C10D2FFC-3046-4C77-9256-A2DEF26F5685}.ReleaseWithDebug|Any CPU.ActiveCfg = Release|Any CPU
		{C10D2FFC-3046-4C77-9256-A2DEF26F5685}.ReleaseWithDebug|Any CPU.Build.0 = Release|Any CPU
		{C10D2FFC-3046-4C77-9256-A2DEF26F5685}.ReleaseWithDebug|x64.ActiveCfg = Release|Any CPU
		{C10D2FFC-3046-4C77-9256-A2DEF26F5685}.ReleaseWithDebug|x64.Build.0 = Release|Any CPU
		{C10D2FFC-3046-4C77-9256-A2DEF26F5685}.Trace|Any CPU.ActiveCfg = Debug_1|Any CPU
		{C10D2FFC-3046-4C77-9256-A2DEF26F5685}.Trace|Any CPU.Build.0 = Debug_1|Any CPU
		{C10D2FFC-3046-4C77-9256-A2DEF26F5685}.Trace|x64.ActiveCfg = Debug_1|Any CPU
		{C10D2FFC-3046-4C77-9256-A2DEF26F5685}.Trace|x64.Build.0 = Debug_1|Any CPU
	EndGlobalSection
	GlobalSection(SolutionProperties) = preSolution
		HideSolutionNode = FALSE
	EndGlobalSection
	GlobalSection(NestedProjects) = preSolution
		{73DCC218-655B-485F-8EAC-0CE5F2F7343D} = {D1920E2E-6FB3-4125-AE65-06E800C5DBF8}
		{9B6BCC3A-AEE8-4D41-B69D-176510B97891} = {2D14C38B-EB5B-45CA-B699-6C03C6D145A4}
		{08F5EC47-5CA1-459E-81F7-98ECEA8353A1} = {D1920E2E-6FB3-4125-AE65-06E800C5DBF8}
		{38A932AF-E0A4-44D6-9501-6F716BB63A63} = {D1920E2E-6FB3-4125-AE65-06E800C5DBF8}
		{3108A209-892D-4358-95B3-63C5D5BC67F8} = {42C1D6C7-5EAE-4F6C-A4C9-5E31F89686A6}
		{BC15D15D-ADBC-4CBB-897A-A3E2863DE852} = {42C1D6C7-5EAE-4F6C-A4C9-5E31F89686A6}
		{F9EBC92A-81A6-47D9-98CD-1EF7C5A5EA71} = {2D14C38B-EB5B-45CA-B699-6C03C6D145A4}
		{89B26DD1-40BF-4153-A3DF-F8FF5EAFDD5F} = {2D14C38B-EB5B-45CA-B699-6C03C6D145A4}
		{E072F5D9-FF36-4F9F-97D2-EBB7B9A97E9C} = {2D14C38B-EB5B-45CA-B699-6C03C6D145A4}
		{D1234BAA-9C41-4A87-BCEE-D5143AB35643} = {9FABCF37-F7A1-47E8-95BA-339DF85B44EC}
		{E5DF6A16-F8E0-437E-A493-653A79DA2342} = {9FABCF37-F7A1-47E8-95BA-339DF85B44EC}
		{681CEA0F-F2C8-4533-A4CC-EB7B37F6228B} = {2D14C38B-EB5B-45CA-B699-6C03C6D145A4}
		{9A73B012-BBFF-47A5-A8DF-EC4E7198CD90} = {94913811-25C4-43A4-954A-374187E010B9}
		{CCB8C4A8-BFFC-431C-8FC6-0CB3B646A4D9} = {A1A031ED-F8E0-4202-926A-CD75AD0D2A4B}
		{A1A031ED-F8E0-4202-926A-CD75AD0D2A4B} = {2D14C38B-EB5B-45CA-B699-6C03C6D145A4}
		{94913811-25C4-43A4-954A-374187E010B9} = {2D14C38B-EB5B-45CA-B699-6C03C6D145A4}
		{9FABCF37-F7A1-47E8-95BA-339DF85B44EC} = {2D14C38B-EB5B-45CA-B699-6C03C6D145A4}
		{1CD9977C-FF0C-498B-B5DB-5D8625B1FCFC} = {4D8720B3-4DE6-47BA-B964-8A4A637033E7}
		{C10D2FFC-3046-4C77-9256-A2DEF26F5685} = {94913811-25C4-43A4-954A-374187E010B9}
	EndGlobalSection
	GlobalSection(ExtensibilityGlobals) = postSolution
		SolutionGuid = {095346F3-8C18-40E7-9AE0-F8351701C4DA}
	EndGlobalSection
EndGlobal
