
Microsoft Visual Studio Solution File, Format Version 12.00
# Visual Studio 15
VisualStudioVersion = 15.0.26403.7
MinimumVisualStudioVersion = 10.0.40219.1

Project("{FAE04EC0-301F-11D3-BF4B-00C04F79EFBC}") = "ManagedOpenSsl", "..\openssl-net\ManagedOpenSsl\ManagedOpenSsl.csproj", "{73DCC218-655B-485F-8EAC-0CE5F2F7343D}"
EndProject
Project("{FAE04EC0-301F-11D3-BF4B-00C04F79EFBC}") = "NetXP.NetStandard", "NetXP.NetStandard\NetXP.NetStandard.csproj", "{9B6BCC3A-AEE8-4D41-B69D-176510B97891}"
EndProject
Project("{FAE04EC0-301F-11D3-BF4B-00C04F79EFBC}") = "NetXP.NetStandard.NetFramework", "NetXP.NetStandard.NetFramework\NetXP.NetStandard.NetFramework.csproj", "{08F5EC47-5CA1-459E-81F7-98ECEA8353A1}"
EndProject
Project("{FAE04EC0-301F-11D3-BF4B-00C04F79EFBC}") = "NetXP.NetStandard.NetFramework.UnitTests", "NetXP.NetStandard.NetFramework.UnitTests\NetXP.NetStandard.NetFramework.UnitTests.csproj", "{38A932AF-E0A4-44D6-9501-6F716BB63A63}"
EndProject
Project("{FAE04EC0-301F-11D3-BF4B-00C04F79EFBC}") = "NetXP.NetStandard.NetCore", "NetXP.NetStandard.NetCore\NetXP.NetStandard.NetCore.csproj", "{3108A209-892D-4358-95B3-63C5D5BC67F8}"
EndProject
Project("{FAE04EC0-301F-11D3-BF4B-00C04F79EFBC}") = "NetXP.NetStandard.NetCore.UnitTest", "NetXP.NetStandard.NetCore.UnitTest\NetXP.NetStandard.NetCore.UnitTest.csproj", "{BC15D15D-ADBC-4CBB-897A-A3E2863DE852}"
EndProject
Global
	GlobalSection(SolutionConfigurationPlatforms) = preSolution
		Debug|Any CPU = Debug|Any CPU
		Debug|x64 = Debug|x64
		Device_Debug|Any CPU = Device_Debug|Any CPU
		Device_Debug|x64 = Device_Debug|x64
		MGR-Debug|Any CPU = MGR-Debug|Any CPU
		MGR-Debug|x64 = MGR-Debug|x64
		Release|Any CPU = Release|Any CPU
		Release|x64 = Release|x64
		ReleaseWithDebug|Any CPU = ReleaseWithDebug|Any CPU
		ReleaseWithDebug|x64 = ReleaseWithDebug|x64
		Trace|Any CPU = Trace|Any CPU
		Trace|x64 = Trace|x64
	EndGlobalSection
	GlobalSection(ProjectConfigurationPlatforms) = postSolution
		{3A263A94-A85B-414F-AD86-F8E58A636D80}.Debug|Any CPU.ActiveCfg = Debug|Any CPU
		{3A263A94-A85B-414F-AD86-F8E58A636D80}.Debug|Any CPU.Build.0 = Debug|Any CPU
		{3A263A94-A85B-414F-AD86-F8E58A636D80}.Debug|x64.ActiveCfg = Debug|Any CPU
		{3A263A94-A85B-414F-AD86-F8E58A636D80}.Debug|x64.Build.0 = Debug|Any CPU
		{3A263A94-A85B-414F-AD86-F8E58A636D80}.Device_Debug|Any CPU.ActiveCfg = Debug|Any CPU
		{3A263A94-A85B-414F-AD86-F8E58A636D80}.Device_Debug|Any CPU.Build.0 = Debug|Any CPU
		{3A263A94-A85B-414F-AD86-F8E58A636D80}.Device_Debug|x64.ActiveCfg = Debug|Any CPU
		{3A263A94-A85B-414F-AD86-F8E58A636D80}.Device_Debug|x64.Build.0 = Debug|Any CPU
		{3A263A94-A85B-414F-AD86-F8E58A636D80}.MGR-Debug|Any CPU.ActiveCfg = Debug|Any CPU
		{3A263A94-A85B-414F-AD86-F8E58A636D80}.MGR-Debug|Any CPU.Build.0 = Debug|Any CPU
		{3A263A94-A85B-414F-AD86-F8E58A636D80}.MGR-Debug|x64.ActiveCfg = Debug|Any CPU
		{3A263A94-A85B-414F-AD86-F8E58A636D80}.MGR-Debug|x64.Build.0 = Debug|Any CPU
		{3A263A94-A85B-414F-AD86-F8E58A636D80}.Release|Any CPU.ActiveCfg = Release|Any CPU
		{3A263A94-A85B-414F-AD86-F8E58A636D80}.Release|Any CPU.Build.0 = Release|Any CPU
		{3A263A94-A85B-414F-AD86-F8E58A636D80}.Release|x64.ActiveCfg = Release|Any CPU
		{3A263A94-A85B-414F-AD86-F8E58A636D80}.Release|x64.Build.0 = Release|Any CPU
		{3A263A94-A85B-414F-AD86-F8E58A636D80}.ReleaseWithDebug|Any CPU.ActiveCfg = Release|Any CPU
		{3A263A94-A85B-414F-AD86-F8E58A636D80}.ReleaseWithDebug|Any CPU.Build.0 = Release|Any CPU
		{3A263A94-A85B-414F-AD86-F8E58A636D80}.ReleaseWithDebug|x64.ActiveCfg = Release|Any CPU
		{3A263A94-A85B-414F-AD86-F8E58A636D80}.ReleaseWithDebug|x64.Build.0 = Release|Any CPU
		{3A263A94-A85B-414F-AD86-F8E58A636D80}.Trace|Any CPU.ActiveCfg = Release|Any CPU
		{3A263A94-A85B-414F-AD86-F8E58A636D80}.Trace|Any CPU.Build.0 = Release|Any CPU
		{3A263A94-A85B-414F-AD86-F8E58A636D80}.Trace|x64.ActiveCfg = Release|Any CPU
		{3A263A94-A85B-414F-AD86-F8E58A636D80}.Trace|x64.Build.0 = Release|Any CPU
		{24F362CD-737F-4ACC-B5C0-F649F20F77B3}.Debug|Any CPU.ActiveCfg = Debug|Any CPU
		{24F362CD-737F-4ACC-B5C0-F649F20F77B3}.Debug|Any CPU.Build.0 = Debug|Any CPU
		{24F362CD-737F-4ACC-B5C0-F649F20F77B3}.Debug|x64.ActiveCfg = Debug|Any CPU
		{24F362CD-737F-4ACC-B5C0-F649F20F77B3}.Debug|x64.Build.0 = Debug|Any CPU
		{24F362CD-737F-4ACC-B5C0-F649F20F77B3}.Device_Debug|Any CPU.ActiveCfg = Debug|Any CPU
		{24F362CD-737F-4ACC-B5C0-F649F20F77B3}.Device_Debug|Any CPU.Build.0 = Debug|Any CPU
		{24F362CD-737F-4ACC-B5C0-F649F20F77B3}.Device_Debug|x64.ActiveCfg = Debug|Any CPU
		{24F362CD-737F-4ACC-B5C0-F649F20F77B3}.Device_Debug|x64.Build.0 = Debug|Any CPU
		{24F362CD-737F-4ACC-B5C0-F649F20F77B3}.MGR-Debug|Any CPU.ActiveCfg = Debug|Any CPU
		{24F362CD-737F-4ACC-B5C0-F649F20F77B3}.MGR-Debug|Any CPU.Build.0 = Debug|Any CPU
		{24F362CD-737F-4ACC-B5C0-F649F20F77B3}.MGR-Debug|x64.ActiveCfg = Debug|Any CPU
		{24F362CD-737F-4ACC-B5C0-F649F20F77B3}.MGR-Debug|x64.Build.0 = Debug|Any CPU
		{24F362CD-737F-4ACC-B5C0-F649F20F77B3}.Release|Any CPU.ActiveCfg = Release|Any CPU
		{24F362CD-737F-4ACC-B5C0-F649F20F77B3}.Release|Any CPU.Build.0 = Release|Any CPU
		{24F362CD-737F-4ACC-B5C0-F649F20F77B3}.Release|x64.ActiveCfg = Release|Any CPU
		{24F362CD-737F-4ACC-B5C0-F649F20F77B3}.Release|x64.Build.0 = Release|Any CPU
		{24F362CD-737F-4ACC-B5C0-F649F20F77B3}.ReleaseWithDebug|Any CPU.ActiveCfg = Release|Any CPU
		{24F362CD-737F-4ACC-B5C0-F649F20F77B3}.ReleaseWithDebug|Any CPU.Build.0 = Release|Any CPU
		{24F362CD-737F-4ACC-B5C0-F649F20F77B3}.ReleaseWithDebug|x64.ActiveCfg = Release|Any CPU
		{24F362CD-737F-4ACC-B5C0-F649F20F77B3}.ReleaseWithDebug|x64.Build.0 = Release|Any CPU
		{24F362CD-737F-4ACC-B5C0-F649F20F77B3}.Trace|Any CPU.ActiveCfg = Release|Any CPU
		{24F362CD-737F-4ACC-B5C0-F649F20F77B3}.Trace|Any CPU.Build.0 = Release|Any CPU
		{24F362CD-737F-4ACC-B5C0-F649F20F77B3}.Trace|x64.ActiveCfg = Release|Any CPU
		{24F362CD-737F-4ACC-B5C0-F649F20F77B3}.Trace|x64.Build.0 = Release|Any CPU
		{B1946C14-BC3F-4679-83E6-7591B3626535}.Debug|Any CPU.ActiveCfg = Debug|Any CPU
		{B1946C14-BC3F-4679-83E6-7591B3626535}.Debug|Any CPU.Build.0 = Debug|Any CPU
		{B1946C14-BC3F-4679-83E6-7591B3626535}.Debug|x64.ActiveCfg = Debug|Any CPU
		{B1946C14-BC3F-4679-83E6-7591B3626535}.Debug|x64.Build.0 = Debug|Any CPU
		{B1946C14-BC3F-4679-83E6-7591B3626535}.Device_Debug|Any CPU.ActiveCfg = Debug|Any CPU
		{B1946C14-BC3F-4679-83E6-7591B3626535}.Device_Debug|Any CPU.Build.0 = Debug|Any CPU
		{B1946C14-BC3F-4679-83E6-7591B3626535}.Device_Debug|x64.ActiveCfg = Debug|Any CPU
		{B1946C14-BC3F-4679-83E6-7591B3626535}.Device_Debug|x64.Build.0 = Debug|Any CPU
		{B1946C14-BC3F-4679-83E6-7591B3626535}.MGR-Debug|Any CPU.ActiveCfg = Debug|Any CPU
		{B1946C14-BC3F-4679-83E6-7591B3626535}.MGR-Debug|Any CPU.Build.0 = Debug|Any CPU
		{B1946C14-BC3F-4679-83E6-7591B3626535}.MGR-Debug|x64.ActiveCfg = Debug|Any CPU
		{B1946C14-BC3F-4679-83E6-7591B3626535}.MGR-Debug|x64.Build.0 = Debug|Any CPU
		{B1946C14-BC3F-4679-83E6-7591B3626535}.Release|Any CPU.ActiveCfg = Release|Any CPU
		{B1946C14-BC3F-4679-83E6-7591B3626535}.Release|Any CPU.Build.0 = Release|Any CPU
		{B1946C14-BC3F-4679-83E6-7591B3626535}.Release|x64.ActiveCfg = Release|Any CPU
		{B1946C14-BC3F-4679-83E6-7591B3626535}.Release|x64.Build.0 = Release|Any CPU
		{B1946C14-BC3F-4679-83E6-7591B3626535}.ReleaseWithDebug|Any CPU.ActiveCfg = Release|Any CPU
		{B1946C14-BC3F-4679-83E6-7591B3626535}.ReleaseWithDebug|Any CPU.Build.0 = Release|Any CPU
		{B1946C14-BC3F-4679-83E6-7591B3626535}.ReleaseWithDebug|x64.ActiveCfg = Release|Any CPU
		{B1946C14-BC3F-4679-83E6-7591B3626535}.ReleaseWithDebug|x64.Build.0 = Release|Any CPU
		{B1946C14-BC3F-4679-83E6-7591B3626535}.Trace|Any CPU.ActiveCfg = Release|Any CPU
		{B1946C14-BC3F-4679-83E6-7591B3626535}.Trace|Any CPU.Build.0 = Release|Any CPU
		{B1946C14-BC3F-4679-83E6-7591B3626535}.Trace|x64.ActiveCfg = Release|Any CPU
		{B1946C14-BC3F-4679-83E6-7591B3626535}.Trace|x64.Build.0 = Release|Any CPU
		{73DCC218-655B-485F-8EAC-0CE5F2F7343D}.Debug|Any CPU.ActiveCfg = Debug|Any CPU
		{73DCC218-655B-485F-8EAC-0CE5F2F7343D}.Debug|Any CPU.Build.0 = Debug|Any CPU
		{73DCC218-655B-485F-8EAC-0CE5F2F7343D}.Debug|x64.ActiveCfg = Debug|x64
		{73DCC218-655B-485F-8EAC-0CE5F2F7343D}.Debug|x64.Build.0 = Debug|x64
		{73DCC218-655B-485F-8EAC-0CE5F2F7343D}.Device_Debug|Any CPU.ActiveCfg = Debug|Any CPU
		{73DCC218-655B-485F-8EAC-0CE5F2F7343D}.Device_Debug|Any CPU.Build.0 = Debug|Any CPU
		{73DCC218-655B-485F-8EAC-0CE5F2F7343D}.Device_Debug|x64.ActiveCfg = Debug|x64
		{73DCC218-655B-485F-8EAC-0CE5F2F7343D}.Device_Debug|x64.Build.0 = Debug|x64
		{73DCC218-655B-485F-8EAC-0CE5F2F7343D}.MGR-Debug|Any CPU.ActiveCfg = Debug|Any CPU
		{73DCC218-655B-485F-8EAC-0CE5F2F7343D}.MGR-Debug|Any CPU.Build.0 = Debug|Any CPU
		{73DCC218-655B-485F-8EAC-0CE5F2F7343D}.MGR-Debug|x64.ActiveCfg = Debug|x64
		{73DCC218-655B-485F-8EAC-0CE5F2F7343D}.MGR-Debug|x64.Build.0 = Debug|x64
		{73DCC218-655B-485F-8EAC-0CE5F2F7343D}.Release|Any CPU.ActiveCfg = Release|Any CPU
		{73DCC218-655B-485F-8EAC-0CE5F2F7343D}.Release|Any CPU.Build.0 = Release|Any CPU
		{73DCC218-655B-485F-8EAC-0CE5F2F7343D}.Release|x64.ActiveCfg = Release|x64
		{73DCC218-655B-485F-8EAC-0CE5F2F7343D}.Release|x64.Build.0 = Release|x64
		{73DCC218-655B-485F-8EAC-0CE5F2F7343D}.ReleaseWithDebug|Any CPU.ActiveCfg = Release|Any CPU
		{73DCC218-655B-485F-8EAC-0CE5F2F7343D}.ReleaseWithDebug|Any CPU.Build.0 = Release|Any CPU
		{73DCC218-655B-485F-8EAC-0CE5F2F7343D}.ReleaseWithDebug|x64.ActiveCfg = Release|x64
		{73DCC218-655B-485F-8EAC-0CE5F2F7343D}.ReleaseWithDebug|x64.Build.0 = Release|x64
		{73DCC218-655B-485F-8EAC-0CE5F2F7343D}.Trace|Any CPU.ActiveCfg = Trace|Any CPU
		{73DCC218-655B-485F-8EAC-0CE5F2F7343D}.Trace|Any CPU.Build.0 = Trace|Any CPU
		{73DCC218-655B-485F-8EAC-0CE5F2F7343D}.Trace|x64.ActiveCfg = Trace|x64
		{73DCC218-655B-485F-8EAC-0CE5F2F7343D}.Trace|x64.Build.0 = Trace|x64
		{9B6BCC3A-AEE8-4D41-B69D-176510B97891}.Debug|Any CPU.ActiveCfg = Debug|Any CPU
		{9B6BCC3A-AEE8-4D41-B69D-176510B97891}.Debug|Any CPU.Build.0 = Debug|Any CPU
		{9B6BCC3A-AEE8-4D41-B69D-176510B97891}.Debug|x64.ActiveCfg = Debug|Any CPU
		{9B6BCC3A-AEE8-4D41-B69D-176510B97891}.Debug|x64.Build.0 = Debug|Any CPU
		{9B6BCC3A-AEE8-4D41-B69D-176510B97891}.Device_Debug|Any CPU.ActiveCfg = Debug|Any CPU
		{9B6BCC3A-AEE8-4D41-B69D-176510B97891}.Device_Debug|Any CPU.Build.0 = Debug|Any CPU
		{9B6BCC3A-AEE8-4D41-B69D-176510B97891}.Device_Debug|x64.ActiveCfg = Debug|Any CPU
		{9B6BCC3A-AEE8-4D41-B69D-176510B97891}.Device_Debug|x64.Build.0 = Debug|Any CPU
		{9B6BCC3A-AEE8-4D41-B69D-176510B97891}.MGR-Debug|Any CPU.ActiveCfg = Debug|Any CPU
		{9B6BCC3A-AEE8-4D41-B69D-176510B97891}.MGR-Debug|Any CPU.Build.0 = Debug|Any CPU
		{9B6BCC3A-AEE8-4D41-B69D-176510B97891}.MGR-Debug|x64.ActiveCfg = Debug|Any CPU
		{9B6BCC3A-AEE8-4D41-B69D-176510B97891}.MGR-Debug|x64.Build.0 = Debug|Any CPU
		{9B6BCC3A-AEE8-4D41-B69D-176510B97891}.Release|Any CPU.ActiveCfg = Release|Any CPU
		{9B6BCC3A-AEE8-4D41-B69D-176510B97891}.Release|Any CPU.Build.0 = Release|Any CPU
		{9B6BCC3A-AEE8-4D41-B69D-176510B97891}.Release|x64.ActiveCfg = Release|Any CPU
		{9B6BCC3A-AEE8-4D41-B69D-176510B97891}.Release|x64.Build.0 = Release|Any CPU
		{9B6BCC3A-AEE8-4D41-B69D-176510B97891}.ReleaseWithDebug|Any CPU.ActiveCfg = Release|Any CPU
		{9B6BCC3A-AEE8-4D41-B69D-176510B97891}.ReleaseWithDebug|Any CPU.Build.0 = Release|Any CPU
		{9B6BCC3A-AEE8-4D41-B69D-176510B97891}.ReleaseWithDebug|x64.ActiveCfg = Release|Any CPU
		{9B6BCC3A-AEE8-4D41-B69D-176510B97891}.ReleaseWithDebug|x64.Build.0 = Release|Any CPU
		{9B6BCC3A-AEE8-4D41-B69D-176510B97891}.Trace|Any CPU.ActiveCfg = Debug|Any CPU
		{9B6BCC3A-AEE8-4D41-B69D-176510B97891}.Trace|Any CPU.Build.0 = Debug|Any CPU
		{9B6BCC3A-AEE8-4D41-B69D-176510B97891}.Trace|x64.ActiveCfg = Debug|Any CPU
		{9B6BCC3A-AEE8-4D41-B69D-176510B97891}.Trace|x64.Build.0 = Debug|Any CPU
		{08F5EC47-5CA1-459E-81F7-98ECEA8353A1}.Debug|Any CPU.ActiveCfg = Debug|Any CPU
		{08F5EC47-5CA1-459E-81F7-98ECEA8353A1}.Debug|Any CPU.Build.0 = Debug|Any CPU
		{08F5EC47-5CA1-459E-81F7-98ECEA8353A1}.Debug|x64.ActiveCfg = Debug|Any CPU
		{08F5EC47-5CA1-459E-81F7-98ECEA8353A1}.Debug|x64.Build.0 = Debug|Any CPU
		{08F5EC47-5CA1-459E-81F7-98ECEA8353A1}.Device_Debug|Any CPU.ActiveCfg = Debug|Any CPU
		{08F5EC47-5CA1-459E-81F7-98ECEA8353A1}.Device_Debug|Any CPU.Build.0 = Debug|Any CPU
		{08F5EC47-5CA1-459E-81F7-98ECEA8353A1}.Device_Debug|x64.ActiveCfg = Debug|Any CPU
		{08F5EC47-5CA1-459E-81F7-98ECEA8353A1}.Device_Debug|x64.Build.0 = Debug|Any CPU
		{08F5EC47-5CA1-459E-81F7-98ECEA8353A1}.MGR-Debug|Any CPU.ActiveCfg = Debug|Any CPU
		{08F5EC47-5CA1-459E-81F7-98ECEA8353A1}.MGR-Debug|Any CPU.Build.0 = Debug|Any CPU
		{08F5EC47-5CA1-459E-81F7-98ECEA8353A1}.MGR-Debug|x64.ActiveCfg = Debug|Any CPU
		{08F5EC47-5CA1-459E-81F7-98ECEA8353A1}.MGR-Debug|x64.Build.0 = Debug|Any CPU
		{08F5EC47-5CA1-459E-81F7-98ECEA8353A1}.Release|Any CPU.ActiveCfg = Release|Any CPU
		{08F5EC47-5CA1-459E-81F7-98ECEA8353A1}.Release|Any CPU.Build.0 = Release|Any CPU
		{08F5EC47-5CA1-459E-81F7-98ECEA8353A1}.Release|x64.ActiveCfg = Release|Any CPU
		{08F5EC47-5CA1-459E-81F7-98ECEA8353A1}.Release|x64.Build.0 = Release|Any CPU
		{08F5EC47-5CA1-459E-81F7-98ECEA8353A1}.ReleaseWithDebug|Any CPU.ActiveCfg = Release|Any CPU
		{08F5EC47-5CA1-459E-81F7-98ECEA8353A1}.ReleaseWithDebug|Any CPU.Build.0 = Release|Any CPU
		{08F5EC47-5CA1-459E-81F7-98ECEA8353A1}.ReleaseWithDebug|x64.ActiveCfg = Release|Any CPU
		{08F5EC47-5CA1-459E-81F7-98ECEA8353A1}.ReleaseWithDebug|x64.Build.0 = Release|Any CPU
		{08F5EC47-5CA1-459E-81F7-98ECEA8353A1}.Trace|Any CPU.ActiveCfg = Release|Any CPU
		{08F5EC47-5CA1-459E-81F7-98ECEA8353A1}.Trace|Any CPU.Build.0 = Release|Any CPU
		{08F5EC47-5CA1-459E-81F7-98ECEA8353A1}.Trace|x64.ActiveCfg = Release|Any CPU
		{08F5EC47-5CA1-459E-81F7-98ECEA8353A1}.Trace|x64.Build.0 = Release|Any CPU
		{38A932AF-E0A4-44D6-9501-6F716BB63A63}.Debug|Any CPU.ActiveCfg = Debug|Any CPU
		{38A932AF-E0A4-44D6-9501-6F716BB63A63}.Debug|Any CPU.Build.0 = Debug|Any CPU
		{38A932AF-E0A4-44D6-9501-6F716BB63A63}.Debug|x64.ActiveCfg = Debug|Any CPU
		{38A932AF-E0A4-44D6-9501-6F716BB63A63}.Debug|x64.Build.0 = Debug|Any CPU
		{38A932AF-E0A4-44D6-9501-6F716BB63A63}.Device_Debug|Any CPU.ActiveCfg = Debug|Any CPU
		{38A932AF-E0A4-44D6-9501-6F716BB63A63}.Device_Debug|Any CPU.Build.0 = Debug|Any CPU
		{38A932AF-E0A4-44D6-9501-6F716BB63A63}.Device_Debug|x64.ActiveCfg = Debug|Any CPU
		{38A932AF-E0A4-44D6-9501-6F716BB63A63}.Device_Debug|x64.Build.0 = Debug|Any CPU
		{38A932AF-E0A4-44D6-9501-6F716BB63A63}.MGR-Debug|Any CPU.ActiveCfg = Debug|Any CPU
		{38A932AF-E0A4-44D6-9501-6F716BB63A63}.MGR-Debug|Any CPU.Build.0 = Debug|Any CPU
		{38A932AF-E0A4-44D6-9501-6F716BB63A63}.MGR-Debug|x64.ActiveCfg = Debug|Any CPU
		{38A932AF-E0A4-44D6-9501-6F716BB63A63}.MGR-Debug|x64.Build.0 = Debug|Any CPU
		{38A932AF-E0A4-44D6-9501-6F716BB63A63}.Release|Any CPU.ActiveCfg = Release|Any CPU
		{38A932AF-E0A4-44D6-9501-6F716BB63A63}.Release|Any CPU.Build.0 = Release|Any CPU
		{38A932AF-E0A4-44D6-9501-6F716BB63A63}.Release|x64.ActiveCfg = Release|Any CPU
		{38A932AF-E0A4-44D6-9501-6F716BB63A63}.Release|x64.Build.0 = Release|Any CPU
		{38A932AF-E0A4-44D6-9501-6F716BB63A63}.ReleaseWithDebug|Any CPU.ActiveCfg = Release|Any CPU
		{38A932AF-E0A4-44D6-9501-6F716BB63A63}.ReleaseWithDebug|Any CPU.Build.0 = Release|Any CPU
		{38A932AF-E0A4-44D6-9501-6F716BB63A63}.ReleaseWithDebug|x64.ActiveCfg = Release|Any CPU
		{38A932AF-E0A4-44D6-9501-6F716BB63A63}.ReleaseWithDebug|x64.Build.0 = Release|Any CPU
		{38A932AF-E0A4-44D6-9501-6F716BB63A63}.Trace|Any CPU.ActiveCfg = Release|Any CPU
		{38A932AF-E0A4-44D6-9501-6F716BB63A63}.Trace|Any CPU.Build.0 = Release|Any CPU
		{38A932AF-E0A4-44D6-9501-6F716BB63A63}.Trace|x64.ActiveCfg = Release|Any CPU
		{38A932AF-E0A4-44D6-9501-6F716BB63A63}.Trace|x64.Build.0 = Release|Any CPU
		{3108A209-892D-4358-95B3-63C5D5BC67F8}.Debug|Any CPU.ActiveCfg = Debug|Any CPU
		{3108A209-892D-4358-95B3-63C5D5BC67F8}.Debug|Any CPU.Build.0 = Debug|Any CPU
		{3108A209-892D-4358-95B3-63C5D5BC67F8}.Debug|x64.ActiveCfg = Debug|Any CPU
		{3108A209-892D-4358-95B3-63C5D5BC67F8}.Debug|x64.Build.0 = Debug|Any CPU
		{3108A209-892D-4358-95B3-63C5D5BC67F8}.Device_Debug|Any CPU.ActiveCfg = Debug|Any CPU
		{3108A209-892D-4358-95B3-63C5D5BC67F8}.Device_Debug|Any CPU.Build.0 = Debug|Any CPU
		{3108A209-892D-4358-95B3-63C5D5BC67F8}.Device_Debug|x64.ActiveCfg = Debug|Any CPU
		{3108A209-892D-4358-95B3-63C5D5BC67F8}.Device_Debug|x64.Build.0 = Debug|Any CPU
		{3108A209-892D-4358-95B3-63C5D5BC67F8}.MGR-Debug|Any CPU.ActiveCfg = Debug|Any CPU
		{3108A209-892D-4358-95B3-63C5D5BC67F8}.MGR-Debug|Any CPU.Build.0 = Debug|Any CPU
		{3108A209-892D-4358-95B3-63C5D5BC67F8}.MGR-Debug|x64.ActiveCfg = Debug|Any CPU
		{3108A209-892D-4358-95B3-63C5D5BC67F8}.MGR-Debug|x64.Build.0 = Debug|Any CPU
		{3108A209-892D-4358-95B3-63C5D5BC67F8}.Release|Any CPU.ActiveCfg = Release|Any CPU
		{3108A209-892D-4358-95B3-63C5D5BC67F8}.Release|Any CPU.Build.0 = Release|Any CPU
		{3108A209-892D-4358-95B3-63C5D5BC67F8}.Release|x64.ActiveCfg = Release|Any CPU
		{3108A209-892D-4358-95B3-63C5D5BC67F8}.Release|x64.Build.0 = Release|Any CPU
		{3108A209-892D-4358-95B3-63C5D5BC67F8}.ReleaseWithDebug|Any CPU.ActiveCfg = Release|Any CPU
		{3108A209-892D-4358-95B3-63C5D5BC67F8}.ReleaseWithDebug|Any CPU.Build.0 = Release|Any CPU
		{3108A209-892D-4358-95B3-63C5D5BC67F8}.ReleaseWithDebug|x64.ActiveCfg = Release|Any CPU
		{3108A209-892D-4358-95B3-63C5D5BC67F8}.ReleaseWithDebug|x64.Build.0 = Release|Any CPU
		{3108A209-892D-4358-95B3-63C5D5BC67F8}.Trace|Any CPU.ActiveCfg = Debug|Any CPU
		{3108A209-892D-4358-95B3-63C5D5BC67F8}.Trace|Any CPU.Build.0 = Debug|Any CPU
		{3108A209-892D-4358-95B3-63C5D5BC67F8}.Trace|x64.ActiveCfg = Debug|Any CPU
		{3108A209-892D-4358-95B3-63C5D5BC67F8}.Trace|x64.Build.0 = Debug|Any CPU
		{BC15D15D-ADBC-4CBB-897A-A3E2863DE852}.Debug|Any CPU.ActiveCfg = Debug|Any CPU
		{BC15D15D-ADBC-4CBB-897A-A3E2863DE852}.Debug|Any CPU.Build.0 = Debug|Any CPU
		{BC15D15D-ADBC-4CBB-897A-A3E2863DE852}.Debug|x64.ActiveCfg = Debug|Any CPU
		{BC15D15D-ADBC-4CBB-897A-A3E2863DE852}.Debug|x64.Build.0 = Debug|Any CPU
		{BC15D15D-ADBC-4CBB-897A-A3E2863DE852}.Device_Debug|Any CPU.ActiveCfg = Debug|Any CPU
		{BC15D15D-ADBC-4CBB-897A-A3E2863DE852}.Device_Debug|Any CPU.Build.0 = Debug|Any CPU
		{BC15D15D-ADBC-4CBB-897A-A3E2863DE852}.Device_Debug|x64.ActiveCfg = Debug|Any CPU
		{BC15D15D-ADBC-4CBB-897A-A3E2863DE852}.Device_Debug|x64.Build.0 = Debug|Any CPU
		{BC15D15D-ADBC-4CBB-897A-A3E2863DE852}.MGR-Debug|Any CPU.ActiveCfg = Debug|Any CPU
		{BC15D15D-ADBC-4CBB-897A-A3E2863DE852}.MGR-Debug|Any CPU.Build.0 = Debug|Any CPU
		{BC15D15D-ADBC-4CBB-897A-A3E2863DE852}.MGR-Debug|x64.ActiveCfg = Debug|Any CPU
		{BC15D15D-ADBC-4CBB-897A-A3E2863DE852}.MGR-Debug|x64.Build.0 = Debug|Any CPU
		{BC15D15D-ADBC-4CBB-897A-A3E2863DE852}.Release|Any CPU.ActiveCfg = Release|Any CPU
		{BC15D15D-ADBC-4CBB-897A-A3E2863DE852}.Release|Any CPU.Build.0 = Release|Any CPU
		{BC15D15D-ADBC-4CBB-897A-A3E2863DE852}.Release|x64.ActiveCfg = Release|Any CPU
		{BC15D15D-ADBC-4CBB-897A-A3E2863DE852}.Release|x64.Build.0 = Release|Any CPU
		{BC15D15D-ADBC-4CBB-897A-A3E2863DE852}.ReleaseWithDebug|Any CPU.ActiveCfg = Release|Any CPU
		{BC15D15D-ADBC-4CBB-897A-A3E2863DE852}.ReleaseWithDebug|Any CPU.Build.0 = Release|Any CPU
		{BC15D15D-ADBC-4CBB-897A-A3E2863DE852}.ReleaseWithDebug|x64.ActiveCfg = Release|Any CPU
		{BC15D15D-ADBC-4CBB-897A-A3E2863DE852}.ReleaseWithDebug|x64.Build.0 = Release|Any CPU
		{BC15D15D-ADBC-4CBB-897A-A3E2863DE852}.Trace|Any CPU.ActiveCfg = Debug|Any CPU
		{BC15D15D-ADBC-4CBB-897A-A3E2863DE852}.Trace|Any CPU.Build.0 = Debug|Any CPU
		{BC15D15D-ADBC-4CBB-897A-A3E2863DE852}.Trace|x64.ActiveCfg = Debug|Any CPU
		{BC15D15D-ADBC-4CBB-897A-A3E2863DE852}.Trace|x64.Build.0 = Debug|Any CPU
	EndGlobalSection
	GlobalSection(SolutionProperties) = preSolution
		HideSolutionNode = FALSE
	EndGlobalSection
EndGlobal
